// !$*UTF8*$!
{
	archiveVersion = 1;
	classes = {
	};
	objectVersion = 48;
	objects = {

/* Begin PBXBuildFile section */
		6B064260211437C7000D22B9 /* Log.swift in Sources */ = {isa = PBXBuildFile; fileRef = 6B06425F211437C7000D22B9 /* Log.swift */; };
		6B07FDE320D5393C00F7D269 /* CartCell.swift in Sources */ = {isa = PBXBuildFile; fileRef = 6B07FDE220D5393C00F7D269 /* CartCell.swift */; };
		6B07FDE520D62AB900F7D269 /* CartFooterView.swift in Sources */ = {isa = PBXBuildFile; fileRef = 6B07FDE420D62AB900F7D269 /* CartFooterView.swift */; };
		6B0ABE1A20333D8C00FEEE87 /* Single+MoyaObjectMapper.swift in Sources */ = {isa = PBXBuildFile; fileRef = 6B0ABE1920333D8C00FEEE87 /* Single+MoyaObjectMapper.swift */; };
		6B0ABE1C20333DA700FEEE87 /* ObserverType+ObjectMapper.swift in Sources */ = {isa = PBXBuildFile; fileRef = 6B0ABE1B20333DA700FEEE87 /* ObserverType+ObjectMapper.swift */; };
		6B0ABE1E20333DC100FEEE87 /* Observable+ObjectMapper.swift in Sources */ = {isa = PBXBuildFile; fileRef = 6B0ABE1D20333DC100FEEE87 /* Observable+ObjectMapper.swift */; };
		6B0ABE2D2033DDB100FEEE87 /* ApiManager.swift in Sources */ = {isa = PBXBuildFile; fileRef = 6B0ABE2C2033DDB100FEEE87 /* ApiManager.swift */; };
		6B0ABE49203FBB5500FEEE87 /* AccountViewModel.swift in Sources */ = {isa = PBXBuildFile; fileRef = 6B0ABE48203FBB5500FEEE87 /* AccountViewModel.swift */; };
		6B0D41A22105C2450052065E /* SendOrderModel.swift in Sources */ = {isa = PBXBuildFile; fileRef = 6B0D41A12105C2450052065E /* SendOrderModel.swift */; };
		6B0EC5BC20D0B26C00786956 /* IconItem.swift in Sources */ = {isa = PBXBuildFile; fileRef = 6B0EC5BB20D0B26C00786956 /* IconItem.swift */; };
		6B0EC5C120D2098A00786956 /* Dependencies.swift in Sources */ = {isa = PBXBuildFile; fileRef = 6B0EC5C020D2098A00786956 /* Dependencies.swift */; };
		6B0F2FB021098DD500FE2A62 /* OrderInfoViewController.swift in Sources */ = {isa = PBXBuildFile; fileRef = 6B0F2FAF21098DD500FE2A62 /* OrderInfoViewController.swift */; };
		6B0F2FB221098E2800FE2A62 /* OrderInfoViewModel.swift in Sources */ = {isa = PBXBuildFile; fileRef = 6B0F2FB121098E2800FE2A62 /* OrderInfoViewModel.swift */; };
		6B198BA020F33CAF003BF92E /* InfoDeliveryCell.swift in Sources */ = {isa = PBXBuildFile; fileRef = 6B198B9F20F33CAF003BF92E /* InfoDeliveryCell.swift */; };
		6B198BA220F3AFF3003BF92E /* InfoHeaderView.swift in Sources */ = {isa = PBXBuildFile; fileRef = 6B198BA120F3AFF3003BF92E /* InfoHeaderView.swift */; };
		6B20E4E820EB82B700183601 /* UIViewController + DismissTextField.swift in Sources */ = {isa = PBXBuildFile; fileRef = 6B20E4E720EB82B700183601 /* UIViewController + DismissTextField.swift */; };
		6B20E4EA20EBDE9000183601 /* AddressFlow.swift in Sources */ = {isa = PBXBuildFile; fileRef = 6B20E4E920EBDE9000183601 /* AddressFlow.swift */; };
		6B20E4ED20EBE07F00183601 /* AddressViewController.swift in Sources */ = {isa = PBXBuildFile; fileRef = 6B20E4EC20EBE07F00183601 /* AddressViewController.swift */; };
		6B20E4EF20EBE08C00183601 /* AddressViewModel.swift in Sources */ = {isa = PBXBuildFile; fileRef = 6B20E4EE20EBE08C00183601 /* AddressViewModel.swift */; };
		6B20E4F220EBE10B00183601 /* AllocateViewController.swift in Sources */ = {isa = PBXBuildFile; fileRef = 6B20E4F120EBE10B00183601 /* AllocateViewController.swift */; };
		6B20E4F420EBE11700183601 /* AllocateViewModel.swift in Sources */ = {isa = PBXBuildFile; fileRef = 6B20E4F320EBE11700183601 /* AllocateViewModel.swift */; };
		6B20E4F620EBF2FE00183601 /* BaseTopView.swift in Sources */ = {isa = PBXBuildFile; fileRef = 6B20E4F520EBF2FE00183601 /* BaseTopView.swift */; };
		6B20E4FA20ED4D1500183601 /* AllocateCell.swift in Sources */ = {isa = PBXBuildFile; fileRef = 6B20E4F920ED4D1500183601 /* AllocateCell.swift */; };
		6B24951C2100F89700A90823 /* SelectedViewController.swift in Sources */ = {isa = PBXBuildFile; fileRef = 6B24951B2100F89600A90823 /* SelectedViewController.swift */; };
		6B24B5D020EF5B7500985C3D /* PickerViewViewController.swift in Sources */ = {isa = PBXBuildFile; fileRef = 6B24B5CF20EF5B7500985C3D /* PickerViewViewController.swift */; };
		6B24B5D220EF5BAA00985C3D /* UIAlertController+Extensions.swift in Sources */ = {isa = PBXBuildFile; fileRef = 6B24B5D120EF5BAA00985C3D /* UIAlertController+Extensions.swift */; };
		6B24B5D420EF5BF500985C3D /* Common+Extensions.swift in Sources */ = {isa = PBXBuildFile; fileRef = 6B24B5D320EF5BF500985C3D /* Common+Extensions.swift */; };
		6B24B5D620EF5C4200985C3D /* UIView+Extensions.swift in Sources */ = {isa = PBXBuildFile; fileRef = 6B24B5D520EF5C4200985C3D /* UIView+Extensions.swift */; };
		6B24B5D820EFC9FE00985C3D /* Notification+Name.swift in Sources */ = {isa = PBXBuildFile; fileRef = 6B24B5D720EFC9FE00985C3D /* Notification+Name.swift */; };
		6B330FE621343E7400E714BF /* ProductService.swift in Sources */ = {isa = PBXBuildFile; fileRef = 6B330FE521343E7400E714BF /* ProductService.swift */; };
		6B330FE821343F4300E714BF /* ModifyCartItemService.swift in Sources */ = {isa = PBXBuildFile; fileRef = 6B330FE721343F4300E714BF /* ModifyCartItemService.swift */; };
		6B35A8C32032C82C00D4259E /* AppDelegate.swift in Sources */ = {isa = PBXBuildFile; fileRef = 6B35A8C22032C82C00D4259E /* AppDelegate.swift */; };
		6B35A8CD2032C82C00D4259E /* LaunchScreen.storyboard in Resources */ = {isa = PBXBuildFile; fileRef = 6B35A8CB2032C82C00D4259E /* LaunchScreen.storyboard */; };
		6B35A9DB203315E600D4259E /* MainViewModel.swift in Sources */ = {isa = PBXBuildFile; fileRef = 6B35A9DA203315E600D4259E /* MainViewModel.swift */; };
		6B35A9E420332B3000D4259E /* MainTableViewCell.swift in Sources */ = {isa = PBXBuildFile; fileRef = 6B35A9E320332B3000D4259E /* MainTableViewCell.swift */; };
		6B396D6C211C593A0023F2B1 /* AccountRequired.swift in Sources */ = {isa = PBXBuildFile; fileRef = 6B396D6B211C593A0023F2B1 /* AccountRequired.swift */; };
		6B3AF712212B0B590039F415 /* UIButton+Animation.swift in Sources */ = {isa = PBXBuildFile; fileRef = 6B3AF711212B0B590039F415 /* UIButton+Animation.swift */; };
		6B3DC514204978B200840CE6 /* ExampleBasicContentView.swift in Sources */ = {isa = PBXBuildFile; fileRef = 6B3DC513204978B200840CE6 /* ExampleBasicContentView.swift */; };
		6B44D1B1210EDA9200BCF354 /* FormSectionViewModel.swift in Sources */ = {isa = PBXBuildFile; fileRef = 6B44D1B0210EDA9200BCF354 /* FormSectionViewModel.swift */; };
		6B465DCD2048581C00EED286 /* InHeartStep.swift in Sources */ = {isa = PBXBuildFile; fileRef = 6B465DCC2048581C00EED286 /* InHeartStep.swift */; };
		6B465DCF20485CEF00EED286 /* AppFlow.swift in Sources */ = {isa = PBXBuildFile; fileRef = 6B465DCE20485CEF00EED286 /* AppFlow.swift */; };
		6B465DD12049084200EED286 /* SelectedFlow.swift in Sources */ = {isa = PBXBuildFile; fileRef = 6B465DD02049084200EED286 /* SelectedFlow.swift */; };
		6B465DD320490AE600EED286 /* ViewModelBased.swift in Sources */ = {isa = PBXBuildFile; fileRef = 6B465DD220490AE600EED286 /* ViewModelBased.swift */; };
		6B465DD7204915DF00EED286 /* AccountFlow.swift in Sources */ = {isa = PBXBuildFile; fileRef = 6B465DD6204915DF00EED286 /* AccountFlow.swift */; };
		6B465DDA2049340200EED286 /* MainViewController.swift in Sources */ = {isa = PBXBuildFile; fileRef = 6B465DD82049340200EED286 /* MainViewController.swift */; };
		6B465DDE2049342200EED286 /* AccountViewController.swift in Sources */ = {isa = PBXBuildFile; fileRef = 6B465DDC2049342200EED286 /* AccountViewController.swift */; };
		6B465DF02049680600EED286 /* Key.swift in Sources */ = {isa = PBXBuildFile; fileRef = 6B465DEF2049680600EED286 /* Key.swift */; };
		6B4E424B20F8753A000FF7C5 /* ShoppingNoteViewController.swift in Sources */ = {isa = PBXBuildFile; fileRef = 6B4E424A20F8753A000FF7C5 /* ShoppingNoteViewController.swift */; };
		6B4E424D20F87563000FF7C5 /* ShoppingNoteViewModel.swift in Sources */ = {isa = PBXBuildFile; fileRef = 6B4E424C20F87563000FF7C5 /* ShoppingNoteViewModel.swift */; };
		6B5ECFCF209AF99000345100 /* ContentViewController.swift in Sources */ = {isa = PBXBuildFile; fileRef = 6B5ECFCE209AF99000345100 /* ContentViewController.swift */; };
		6B5ECFD3209C8C2500345100 /* UIColor+Extensions.swift in Sources */ = {isa = PBXBuildFile; fileRef = 6B5ECFD2209C8C2500345100 /* UIColor+Extensions.swift */; };
		6B5EDDE020E47CBA00FF7B48 /* ProductListViewModel.swift in Sources */ = {isa = PBXBuildFile; fileRef = 6B5EDDDF20E47CBA00FF7B48 /* ProductListViewModel.swift */; };
		6B60EFA72070A934002161DD /* DetailCollectionViewCell.swift in Sources */ = {isa = PBXBuildFile; fileRef = 6B60EFA62070A934002161DD /* DetailCollectionViewCell.swift */; };
		6B62E69D20E3FE7B0003DEF5 /* ProductListController.swift in Sources */ = {isa = PBXBuildFile; fileRef = 6B62E69C20E3FE7B0003DEF5 /* ProductListController.swift */; };
		6B6512572044333600E1D247 /* SelectedViewModel.swift in Sources */ = {isa = PBXBuildFile; fileRef = 6B6512562044333600E1D247 /* SelectedViewModel.swift */; };
		6B70992320DB75A3004B5F2E /* Cart.swift in Sources */ = {isa = PBXBuildFile; fileRef = 6B70992220DB75A3004B5F2E /* Cart.swift */; };
		6B70992520DB75D4004B5F2E /* CartItem.swift in Sources */ = {isa = PBXBuildFile; fileRef = 6B70992420DB75D4004B5F2E /* CartItem.swift */; };
		6B70992920DB7616004B5F2E /* PickedItemCart.swift in Sources */ = {isa = PBXBuildFile; fileRef = 6B70992820DB7616004B5F2E /* PickedItemCart.swift */; };
		6B70992B20DB7640004B5F2E /* Food.swift in Sources */ = {isa = PBXBuildFile; fileRef = 6B70992A20DB7640004B5F2E /* Food.swift */; };
		6B70992D20DB7665004B5F2E /* ProductCart.swift in Sources */ = {isa = PBXBuildFile; fileRef = 6B70992C20DB7665004B5F2E /* ProductCart.swift */; };
		6B70992F20DB775A004B5F2E /* GiftboxItemCart.swift in Sources */ = {isa = PBXBuildFile; fileRef = 6B70992E20DB775A004B5F2E /* GiftboxItemCart.swift */; };
		6B70993120DB77EC004B5F2E /* NewCartItem.swift in Sources */ = {isa = PBXBuildFile; fileRef = 6B70993020DB77EC004B5F2E /* NewCartItem.swift */; };
		6B736910210E18100062FD42 /* CellConfigurable.swift in Sources */ = {isa = PBXBuildFile; fileRef = 6B73690F210E18100062FD42 /* CellConfigurable.swift */; };
		6B736912210E183F0062FD42 /* RowViewModel.swift in Sources */ = {isa = PBXBuildFile; fileRef = 6B736911210E183F0062FD42 /* RowViewModel.swift */; };
		6B73C1FC2085D51C00056ABA /* ScrollBarView.swift in Sources */ = {isa = PBXBuildFile; fileRef = 6B73C1FB2085D51C00056ABA /* ScrollBarView.swift */; };
		6B73C2002085D7A500056ABA /* ScrollBarCell.swift in Sources */ = {isa = PBXBuildFile; fileRef = 6B73C1FE2085D7A500056ABA /* ScrollBarCell.swift */; };
		6B73C2012085D7A500056ABA /* ScrollBarCell.xib in Resources */ = {isa = PBXBuildFile; fileRef = 6B73C1FF2085D7A500056ABA /* ScrollBarCell.xib */; };
		6B79015D210B8BBA002147FC /* DeliveryContentCell.swift in Sources */ = {isa = PBXBuildFile; fileRef = 6B79015C210B8BBA002147FC /* DeliveryContentCell.swift */; };
		6B7F487C208868D80067626B /* HCFocusModel.swift in Sources */ = {isa = PBXBuildFile; fileRef = 6B7F487B208868D80067626B /* HCFocusModel.swift */; };
		6B7F487E208878C40067626B /* RxAlamofire+ObjectMapper.swift in Sources */ = {isa = PBXBuildFile; fileRef = 6B7F487D208878C40067626B /* RxAlamofire+ObjectMapper.swift */; };
		6B7F4880208879CF0067626B /* HCBoutiqueModel.swift in Sources */ = {isa = PBXBuildFile; fileRef = 6B7F487F208879CF0067626B /* HCBoutiqueModel.swift */; };
		6B87C34D210338C6000155D2 /* SectionType.swift in Sources */ = {isa = PBXBuildFile; fileRef = 6B87C34C210338C6000155D2 /* SectionType.swift */; };
		6B87C3522103614F000155D2 /* Dictionary+Key.swift in Sources */ = {isa = PBXBuildFile; fileRef = 6B87C3512103614F000155D2 /* Dictionary+Key.swift */; };
		6B95BCD720F0EE5C0094B716 /* DeliveryInfoCartItem.swift in Sources */ = {isa = PBXBuildFile; fileRef = 6B95BCD620F0EE5C0094B716 /* DeliveryInfoCartItem.swift */; };
		6B95BCD920F0EF190094B716 /* DeliveryInfo.swift in Sources */ = {isa = PBXBuildFile; fileRef = 6B95BCD820F0EF190094B716 /* DeliveryInfo.swift */; };
		6B9683EF20F4E94A0094D2BB /* CustomPageView.swift in Sources */ = {isa = PBXBuildFile; fileRef = 6B9683EE20F4E94A0094D2BB /* CustomPageView.swift */; };
		6B9BAD4B20F5012600DE02E7 /* InfoProductCell.swift in Sources */ = {isa = PBXBuildFile; fileRef = 6B9BAD4A20F5012600DE02E7 /* InfoProductCell.swift */; };
		6B9BC55820F78DCA00355D9D /* UIViewController+HideKeyboard.swift in Sources */ = {isa = PBXBuildFile; fileRef = 6B9BC55720F78DCA00355D9D /* UIViewController+HideKeyboard.swift */; };
		6B9BC55A20F7AC8200355D9D /* LogoutView.swift in Sources */ = {isa = PBXBuildFile; fileRef = 6B9BC55920F7AC8200355D9D /* LogoutView.swift */; };
		6B9BC55C20F7C2C600355D9D /* AccountCell.swift in Sources */ = {isa = PBXBuildFile; fileRef = 6B9BC55B20F7C2C600355D9D /* AccountCell.swift */; };
		6BA307E820DEBE72006A029E /* ExchangeViewModel.swift in Sources */ = {isa = PBXBuildFile; fileRef = 6BA307E720DEBE72006A029E /* ExchangeViewModel.swift */; };
		6BA307EC20E08B9C006A029E /* ExchangeViewController.swift in Sources */ = {isa = PBXBuildFile; fileRef = 6BA307EB20E08B9C006A029E /* ExchangeViewController.swift */; };
		6BA4337B207DBF1700A1B331 /* CartFlow.swift in Sources */ = {isa = PBXBuildFile; fileRef = 6BA4337A207DBF1700A1B331 /* CartFlow.swift */; };
		6BA82AC0210AC8F700E6CCAB /* OrderInfoCell.swift in Sources */ = {isa = PBXBuildFile; fileRef = 6BA82ABF210AC8F700E6CCAB /* OrderInfoCell.swift */; };
		6BA82AC2210AD03800E6CCAB /* TotalPriceCell.swift in Sources */ = {isa = PBXBuildFile; fileRef = 6BA82AC1210AD03800E6CCAB /* TotalPriceCell.swift */; };
		6BA82AC4210AEB8100E6CCAB /* OrderInfoFooterView.swift in Sources */ = {isa = PBXBuildFile; fileRef = 6BA82AC3210AEB8100E6CCAB /* OrderInfoFooterView.swift */; };
		6BAC5A8520B5163F0006E8DF /* Assets.xcassets in Resources */ = {isa = PBXBuildFile; fileRef = 6BAC5A8420B5163F0006E8DF /* Assets.xcassets */; };
		6BAC5A8D20B56E3C0006E8DF /* IconPagingCell.swift in Sources */ = {isa = PBXBuildFile; fileRef = 6BAC5A8C20B56E3C0006E8DF /* IconPagingCell.swift */; };
		6BAC5A8F20B56E5F0006E8DF /* IconViewController.swift in Sources */ = {isa = PBXBuildFile; fileRef = 6BAC5A8E20B56E5F0006E8DF /* IconViewController.swift */; };
		6BAF50CF20FF360E00D14B65 /* CheckmarkHeaderView.swift in Sources */ = {isa = PBXBuildFile; fileRef = 6BAF50CE20FF360E00D14B65 /* CheckmarkHeaderView.swift */; };
		6BBC68FD20F203E3003B1CC2 /* InfoManager.swift in Sources */ = {isa = PBXBuildFile; fileRef = 6BBC68FC20F203E3003B1CC2 /* InfoManager.swift */; };
		6BBC68FF20F26170003B1CC2 /* InfoDetailFlow.swift in Sources */ = {isa = PBXBuildFile; fileRef = 6BBC68FE20F26170003B1CC2 /* InfoDetailFlow.swift */; };
		6BBC690220F263E1003B1CC2 /* InfoDetailViewController.swift in Sources */ = {isa = PBXBuildFile; fileRef = 6BBC690120F263E1003B1CC2 /* InfoDetailViewController.swift */; };
		6BBC690420F2640F003B1CC2 /* InfoDetailViewModel.swift in Sources */ = {isa = PBXBuildFile; fileRef = 6BBC690320F2640F003B1CC2 /* InfoDetailViewModel.swift */; };
		6BBD0480205CCBA400B29388 /* MainItemViewModel.swift in Sources */ = {isa = PBXBuildFile; fileRef = 6BBD047F205CCBA400B29388 /* MainItemViewModel.swift */; };
		6BBD0482205CE39800B29388 /* Realm+Rxswift.swift in Sources */ = {isa = PBXBuildFile; fileRef = 6BBD0481205CE39800B29388 /* Realm+Rxswift.swift */; };
		6BC5F3C12091C0F9006F652C /* Theme.xcassets in Resources */ = {isa = PBXBuildFile; fileRef = 6BC5F3C02091C0F9006F652C /* Theme.xcassets */; };
		6BC5F3C32091C173006F652C /* Color.swift in Sources */ = {isa = PBXBuildFile; fileRef = 6BC5F3C22091C173006F652C /* Color.swift */; };
		6BC7D7BF2108A4C50028BFD5 /* UIStackView+RemoveAllArrangeView.swift in Sources */ = {isa = PBXBuildFile; fileRef = 6BC7D7BE2108A4C50028BFD5 /* UIStackView+RemoveAllArrangeView.swift */; };
		6BC7D7C12108A7800028BFD5 /* PaymentInfoCell.swift in Sources */ = {isa = PBXBuildFile; fileRef = 6BC7D7C02108A7800028BFD5 /* PaymentInfoCell.swift */; };
		6BC7D7C32108AA2B0028BFD5 /* InfoCell.swift in Sources */ = {isa = PBXBuildFile; fileRef = 6BC7D7C22108AA2B0028BFD5 /* InfoCell.swift */; };
		6BC7D7C52108B3C50028BFD5 /* SendFooterView.swift in Sources */ = {isa = PBXBuildFile; fileRef = 6BC7D7C42108B3C50028BFD5 /* SendFooterView.swift */; };
		6BC95DFF20BD2A2D00DE8436 /* ProductEntity.swift in Sources */ = {isa = PBXBuildFile; fileRef = 6BC95DFE20BD2A2D00DE8436 /* ProductEntity.swift */; };
		6BC95E0120BD2BD200DE8436 /* FoodEntity.swift in Sources */ = {isa = PBXBuildFile; fileRef = 6BC95E0020BD2BD200DE8436 /* FoodEntity.swift */; };
		6BCFD05C210C9D4400684F96 /* PopView.swift in Sources */ = {isa = PBXBuildFile; fileRef = 6BCFD05B210C9D4400684F96 /* PopView.swift */; };
		6BCFD05F210CA0B700684F96 /* PopViewPresentable.swift in Sources */ = {isa = PBXBuildFile; fileRef = 6BCFD05E210CA0B700684F96 /* PopViewPresentable.swift */; };
		6BCFD062210CC5FA00684F96 /* CartItemHeaderView.swift in Sources */ = {isa = PBXBuildFile; fileRef = 6BCFD061210CC5FA00684F96 /* CartItemHeaderView.swift */; };
		6BD2F75320F9FAC900FE6BB0 /* CustomLayout.swift in Sources */ = {isa = PBXBuildFile; fileRef = 6BD2F75220F9FAC900FE6BB0 /* CustomLayout.swift */; };
		6BD523C920E1F12100043C2A /* FoodsCollectionViewCell.swift in Sources */ = {isa = PBXBuildFile; fileRef = 6BD523C820E1F12100043C2A /* FoodsCollectionViewCell.swift */; };
		6BD523CB20E2892E00043C2A /* FoodsFlowLayout.swift in Sources */ = {isa = PBXBuildFile; fileRef = 6BD523CA20E2892E00043C2A /* FoodsFlowLayout.swift */; };
		6BD5C19121060FB4003B2B45 /* PriceView.swift in Sources */ = {isa = PBXBuildFile; fileRef = 6BD5C19021060FB4003B2B45 /* PriceView.swift */; };
		6BD729482121EF4A00B4D4F7 /* BaseCartItemExpandableView.swift in Sources */ = {isa = PBXBuildFile; fileRef = 6BD729472121EF4A00B4D4F7 /* BaseCartItemExpandableView.swift */; };
		6BD7294A2121EFE100B4D4F7 /* SendOrderExpandableView.swift in Sources */ = {isa = PBXBuildFile; fileRef = 6BD729492121EFE100B4D4F7 /* SendOrderExpandableView.swift */; };
		6BD9F05B20E4B02C00A8AC5B /* AxisView.swift in Sources */ = {isa = PBXBuildFile; fileRef = 6BD9F05A20E4B02C00A8AC5B /* AxisView.swift */; };
		6BE0DDD9210773F10014C9B5 /* SendOrderHeaderView.swift in Sources */ = {isa = PBXBuildFile; fileRef = 6BE0DDD8210773F10014C9B5 /* SendOrderHeaderView.swift */; };
		6BE0DDDB21078A950014C9B5 /* DeliveryInfoCell.swift in Sources */ = {isa = PBXBuildFile; fileRef = 6BE0DDDA21078A950014C9B5 /* DeliveryInfoCell.swift */; };
		6BE2B82B2112F4DF00783807 /* default.png in Resources */ = {isa = PBXBuildFile; fileRef = 6BE2B82A2112F4DF00783807 /* default.png */; };
		6BE2B82D21132CCB00783807 /* UIViewController+Tabbar.swift in Sources */ = {isa = PBXBuildFile; fileRef = 6BE2B82C21132CCB00783807 /* UIViewController+Tabbar.swift */; };
		6BE2B82F211337E300783807 /* UIScreen+Frame.swift in Sources */ = {isa = PBXBuildFile; fileRef = 6BE2B82E211337E300783807 /* UIScreen+Frame.swift */; };
		6BE2B83121133D8400783807 /* Cell+Reusable.swift in Sources */ = {isa = PBXBuildFile; fileRef = 6BE2B83021133D8400783807 /* Cell+Reusable.swift */; };
		6BE2B8392113409C00783807 /* LaunchBackground.png in Resources */ = {isa = PBXBuildFile; fileRef = 6BE2B8382113409C00783807 /* LaunchBackground.png */; };
		6BE2B83B2113454F00783807 /* PopupFoodCell.swift in Sources */ = {isa = PBXBuildFile; fileRef = 6BE2B83A2113454F00783807 /* PopupFoodCell.swift */; };
		6BE30F3A2101CE6B00900124 /* UIImage+Resize.swift in Sources */ = {isa = PBXBuildFile; fileRef = 6BE30F392101CE6B00900124 /* UIImage+Resize.swift */; };
		6BE30F3C2101D45000900124 /* AllocateHeaderView.swift in Sources */ = {isa = PBXBuildFile; fileRef = 6BE30F3B2101D45000900124 /* AllocateHeaderView.swift */; };
		6BE3746220639CBA00F4AEDB /* MainCollectionViewCell.swift in Sources */ = {isa = PBXBuildFile; fileRef = 6BE3746020639CBA00F4AEDB /* MainCollectionViewCell.swift */; };
		6BEAAFE020BEF00B00125DD3 /* DBBaseBean.swift in Sources */ = {isa = PBXBuildFile; fileRef = 6BEAAFDF20BEF00B00125DD3 /* DBBaseBean.swift */; };
		6BEAAFE220BEF01900125DD3 /* DBConfig.swift in Sources */ = {isa = PBXBuildFile; fileRef = 6BEAAFE120BEF01900125DD3 /* DBConfig.swift */; };
		6BEAAFE420BEF03200125DD3 /* DBManager.swift in Sources */ = {isa = PBXBuildFile; fileRef = 6BEAAFE320BEF03200125DD3 /* DBManager.swift */; };
		6BEAAFFA20BFCEB600125DD3 /* Array+Extensions.swift in Sources */ = {isa = PBXBuildFile; fileRef = 6BEAAFF920BFCEB600125DD3 /* Array+Extensions.swift */; };
		6BEAAFFC20C131C200125DD3 /* String+Extensions.swift in Sources */ = {isa = PBXBuildFile; fileRef = 6BEAAFFB20C131C200125DD3 /* String+Extensions.swift */; };
		6BF1D1B4205D8D7000F58D86 /* Obserable+Extension.swift in Sources */ = {isa = PBXBuildFile; fileRef = 6BF1D1B3205D8D7000F58D86 /* Obserable+Extension.swift */; };
		6BF899A020E75534000F4EAA /* BaseExpandView.swift in Sources */ = {isa = PBXBuildFile; fileRef = 6BF8999F20E75534000F4EAA /* BaseExpandView.swift */; };
		6BF899A220E762C8000F4EAA /* CartExpandView.swift in Sources */ = {isa = PBXBuildFile; fileRef = 6BF899A120E762C8000F4EAA /* CartExpandView.swift */; };
		6BF899A620E76DF3000F4EAA /* UILabel + Custom.swift in Sources */ = {isa = PBXBuildFile; fileRef = 6BF899A520E76DF3000F4EAA /* UILabel + Custom.swift */; };
		6BF899AA20E7777F000F4EAA /* UIView + Shadow.swift in Sources */ = {isa = PBXBuildFile; fileRef = 6BF899A920E7777F000F4EAA /* UIView + Shadow.swift */; };
		6BF899AC20E77B67000F4EAA /* UIView + Helper.swift in Sources */ = {isa = PBXBuildFile; fileRef = 6BF899AB20E77B67000F4EAA /* UIView + Helper.swift */; };
		6BF899AE20E781EE000F4EAA /* UIButton + Helper.swift in Sources */ = {isa = PBXBuildFile; fileRef = 6BF899AD20E781ED000F4EAA /* UIButton + Helper.swift */; };
		6BF899B120E8A864000F4EAA /* FormViewController.swift in Sources */ = {isa = PBXBuildFile; fileRef = 6BF899B020E8A864000F4EAA /* FormViewController.swift */; };
		6BF899B320E8A872000F4EAA /* FormViewModel.swift in Sources */ = {isa = PBXBuildFile; fileRef = 6BF899B220E8A872000F4EAA /* FormViewModel.swift */; };
		6BF899B620E8AA4F000F4EAA /* SendOrderViewController.swift in Sources */ = {isa = PBXBuildFile; fileRef = 6BF899B520E8AA4F000F4EAA /* SendOrderViewController.swift */; };
		6BF899B820E8AA78000F4EAA /* SendOrderViewModel.swift in Sources */ = {isa = PBXBuildFile; fileRef = 6BF899B720E8AA78000F4EAA /* SendOrderViewModel.swift */; };
		6BF899BB20E9E9FD000F4EAA /* DeliveryCell.swift in Sources */ = {isa = PBXBuildFile; fileRef = 6BF899BA20E9E9FD000F4EAA /* DeliveryCell.swift */; };
		6BF899BD20E9EA1D000F4EAA /* PaymentCell.swift in Sources */ = {isa = PBXBuildFile; fileRef = 6BF899BC20E9EA1D000F4EAA /* PaymentCell.swift */; };
		6BF899C120E9F32C000F4EAA /* BaseHeader.swift in Sources */ = {isa = PBXBuildFile; fileRef = 6BF899C020E9F32C000F4EAA /* BaseHeader.swift */; };
		6BF899C320E9F4AE000F4EAA /* DeliveryHeaderView.swift in Sources */ = {isa = PBXBuildFile; fileRef = 6BF899C220E9F4AE000F4EAA /* DeliveryHeaderView.swift */; };
		6BF899C520E9FB8C000F4EAA /* PaymentHeaderView.swift in Sources */ = {isa = PBXBuildFile; fileRef = 6BF899C420E9FB8C000F4EAA /* PaymentHeaderView.swift */; };
		6BFA32FE208305A000613ADE /* CartViewController.swift in Sources */ = {isa = PBXBuildFile; fileRef = 6BFA32FD208305A000613ADE /* CartViewController.swift */; };
		6BFA3300208305D800613ADE /* CartViewModel.swift in Sources */ = {isa = PBXBuildFile; fileRef = 6BFA32FF208305D800613ADE /* CartViewModel.swift */; };
		6BFD79CA21184C1800902D2F /* Group.png in Resources */ = {isa = PBXBuildFile; fileRef = 6BFD79C921184C1800902D2F /* Group.png */; };
		B23235C6314D44F9A3ED9BC6 /* Pods_Realm_RxSwift.framework in Frameworks */ = {isa = PBXBuildFile; fileRef = 448E959ECA76F5E222282696 /* Pods_Realm_RxSwift.framework */; };
/* End PBXBuildFile section */

/* Begin PBXCopyFilesBuildPhase section */
		6B35A9892033020A00D4259E /* Embed Frameworks */ = {
			isa = PBXCopyFilesBuildPhase;
			buildActionMask = 2147483647;
			dstPath = "";
			dstSubfolderSpec = 10;
			files = (
			);
			name = "Embed Frameworks";
			runOnlyForDeploymentPostprocessing = 0;
		};
/* End PBXCopyFilesBuildPhase section */

/* Begin PBXFileReference section */
		448E959ECA76F5E222282696 /* Pods_Realm_RxSwift.framework */ = {isa = PBXFileReference; explicitFileType = wrapper.framework; includeInIndex = 0; path = Pods_Realm_RxSwift.framework; sourceTree = BUILT_PRODUCTS_DIR; };
		4924433ACD23206E5F380419 /* Pods-Realm+RxSwift.debug.xcconfig */ = {isa = PBXFileReference; includeInIndex = 1; lastKnownFileType = text.xcconfig; name = "Pods-Realm+RxSwift.debug.xcconfig"; path = "Pods/Target Support Files/Pods-Realm+RxSwift/Pods-Realm+RxSwift.debug.xcconfig"; sourceTree = "<group>"; };
		64FB243E7C0EA7221386C3D5 /* Pods-Realm+RxSwift.release.xcconfig */ = {isa = PBXFileReference; includeInIndex = 1; lastKnownFileType = text.xcconfig; name = "Pods-Realm+RxSwift.release.xcconfig"; path = "Pods/Target Support Files/Pods-Realm+RxSwift/Pods-Realm+RxSwift.release.xcconfig"; sourceTree = "<group>"; };
		6B06425F211437C7000D22B9 /* Log.swift */ = {isa = PBXFileReference; lastKnownFileType = sourcecode.swift; path = Log.swift; sourceTree = "<group>"; };
		6B07FDE220D5393C00F7D269 /* CartCell.swift */ = {isa = PBXFileReference; lastKnownFileType = sourcecode.swift; path = CartCell.swift; sourceTree = "<group>"; };
		6B07FDE420D62AB900F7D269 /* CartFooterView.swift */ = {isa = PBXFileReference; lastKnownFileType = sourcecode.swift; path = CartFooterView.swift; sourceTree = "<group>"; };
		6B0ABE1920333D8C00FEEE87 /* Single+MoyaObjectMapper.swift */ = {isa = PBXFileReference; lastKnownFileType = sourcecode.swift; path = "Single+MoyaObjectMapper.swift"; sourceTree = "<group>"; };
		6B0ABE1B20333DA700FEEE87 /* ObserverType+ObjectMapper.swift */ = {isa = PBXFileReference; lastKnownFileType = sourcecode.swift; path = "ObserverType+ObjectMapper.swift"; sourceTree = "<group>"; };
		6B0ABE1D20333DC100FEEE87 /* Observable+ObjectMapper.swift */ = {isa = PBXFileReference; lastKnownFileType = sourcecode.swift; path = "Observable+ObjectMapper.swift"; sourceTree = "<group>"; };
		6B0ABE2C2033DDB100FEEE87 /* ApiManager.swift */ = {isa = PBXFileReference; lastKnownFileType = sourcecode.swift; path = ApiManager.swift; sourceTree = "<group>"; };
		6B0ABE48203FBB5500FEEE87 /* AccountViewModel.swift */ = {isa = PBXFileReference; lastKnownFileType = sourcecode.swift; path = AccountViewModel.swift; sourceTree = "<group>"; };
		6B0D41A12105C2450052065E /* SendOrderModel.swift */ = {isa = PBXFileReference; lastKnownFileType = sourcecode.swift; path = SendOrderModel.swift; sourceTree = "<group>"; };
		6B0EC5BB20D0B26C00786956 /* IconItem.swift */ = {isa = PBXFileReference; lastKnownFileType = sourcecode.swift; path = IconItem.swift; sourceTree = "<group>"; };
		6B0EC5C020D2098A00786956 /* Dependencies.swift */ = {isa = PBXFileReference; lastKnownFileType = sourcecode.swift; path = Dependencies.swift; sourceTree = "<group>"; };
		6B0F2FAF21098DD500FE2A62 /* OrderInfoViewController.swift */ = {isa = PBXFileReference; lastKnownFileType = sourcecode.swift; path = OrderInfoViewController.swift; sourceTree = "<group>"; };
		6B0F2FB121098E2800FE2A62 /* OrderInfoViewModel.swift */ = {isa = PBXFileReference; lastKnownFileType = sourcecode.swift; path = OrderInfoViewModel.swift; sourceTree = "<group>"; };
		6B198B9F20F33CAF003BF92E /* InfoDeliveryCell.swift */ = {isa = PBXFileReference; lastKnownFileType = sourcecode.swift; path = InfoDeliveryCell.swift; sourceTree = "<group>"; };
		6B198BA120F3AFF3003BF92E /* InfoHeaderView.swift */ = {isa = PBXFileReference; lastKnownFileType = sourcecode.swift; path = InfoHeaderView.swift; sourceTree = "<group>"; };
		6B20E4E720EB82B700183601 /* UIViewController + DismissTextField.swift */ = {isa = PBXFileReference; lastKnownFileType = sourcecode.swift; path = "UIViewController + DismissTextField.swift"; sourceTree = "<group>"; };
		6B20E4E920EBDE9000183601 /* AddressFlow.swift */ = {isa = PBXFileReference; lastKnownFileType = sourcecode.swift; path = AddressFlow.swift; sourceTree = "<group>"; };
		6B20E4EC20EBE07F00183601 /* AddressViewController.swift */ = {isa = PBXFileReference; lastKnownFileType = sourcecode.swift; path = AddressViewController.swift; sourceTree = "<group>"; };
		6B20E4EE20EBE08C00183601 /* AddressViewModel.swift */ = {isa = PBXFileReference; lastKnownFileType = sourcecode.swift; path = AddressViewModel.swift; sourceTree = "<group>"; };
		6B20E4F120EBE10B00183601 /* AllocateViewController.swift */ = {isa = PBXFileReference; lastKnownFileType = sourcecode.swift; path = AllocateViewController.swift; sourceTree = "<group>"; };
		6B20E4F320EBE11700183601 /* AllocateViewModel.swift */ = {isa = PBXFileReference; lastKnownFileType = sourcecode.swift; path = AllocateViewModel.swift; sourceTree = "<group>"; };
		6B20E4F520EBF2FE00183601 /* BaseTopView.swift */ = {isa = PBXFileReference; lastKnownFileType = sourcecode.swift; path = BaseTopView.swift; sourceTree = "<group>"; };
		6B20E4F920ED4D1500183601 /* AllocateCell.swift */ = {isa = PBXFileReference; lastKnownFileType = sourcecode.swift; path = AllocateCell.swift; sourceTree = "<group>"; };
		6B24951B2100F89600A90823 /* SelectedViewController.swift */ = {isa = PBXFileReference; fileEncoding = 4; lastKnownFileType = sourcecode.swift; path = SelectedViewController.swift; sourceTree = "<group>"; };
		6B24B5CF20EF5B7500985C3D /* PickerViewViewController.swift */ = {isa = PBXFileReference; lastKnownFileType = sourcecode.swift; path = PickerViewViewController.swift; sourceTree = "<group>"; };
		6B24B5D120EF5BAA00985C3D /* UIAlertController+Extensions.swift */ = {isa = PBXFileReference; lastKnownFileType = sourcecode.swift; path = "UIAlertController+Extensions.swift"; sourceTree = "<group>"; };
		6B24B5D320EF5BF500985C3D /* Common+Extensions.swift */ = {isa = PBXFileReference; lastKnownFileType = sourcecode.swift; path = "Common+Extensions.swift"; sourceTree = "<group>"; };
		6B24B5D520EF5C4200985C3D /* UIView+Extensions.swift */ = {isa = PBXFileReference; lastKnownFileType = sourcecode.swift; path = "UIView+Extensions.swift"; sourceTree = "<group>"; };
		6B24B5D720EFC9FE00985C3D /* Notification+Name.swift */ = {isa = PBXFileReference; lastKnownFileType = sourcecode.swift; path = "Notification+Name.swift"; sourceTree = "<group>"; };
		6B330FE521343E7400E714BF /* ProductService.swift */ = {isa = PBXFileReference; lastKnownFileType = sourcecode.swift; path = ProductService.swift; sourceTree = "<group>"; };
		6B330FE721343F4300E714BF /* ModifyCartItemService.swift */ = {isa = PBXFileReference; lastKnownFileType = sourcecode.swift; path = ModifyCartItemService.swift; sourceTree = "<group>"; };
		6B35A8BF2032C82C00D4259E /* Realm+RxSwift.app */ = {isa = PBXFileReference; explicitFileType = wrapper.application; includeInIndex = 0; path = "Realm+RxSwift.app"; sourceTree = BUILT_PRODUCTS_DIR; };
		6B35A8C22032C82C00D4259E /* AppDelegate.swift */ = {isa = PBXFileReference; lastKnownFileType = sourcecode.swift; path = AppDelegate.swift; sourceTree = "<group>"; };
		6B35A8CC2032C82C00D4259E /* Base */ = {isa = PBXFileReference; lastKnownFileType = file.storyboard; name = Base; path = Base.lproj/LaunchScreen.storyboard; sourceTree = "<group>"; };
		6B35A8CE2032C82C00D4259E /* Info.plist */ = {isa = PBXFileReference; lastKnownFileType = text.plist.xml; path = Info.plist; sourceTree = "<group>"; };
		6B35A9DA203315E600D4259E /* MainViewModel.swift */ = {isa = PBXFileReference; lastKnownFileType = sourcecode.swift; path = MainViewModel.swift; sourceTree = "<group>"; };
		6B35A9E320332B3000D4259E /* MainTableViewCell.swift */ = {isa = PBXFileReference; lastKnownFileType = sourcecode.swift; path = MainTableViewCell.swift; sourceTree = "<group>"; };
		6B396D6B211C593A0023F2B1 /* AccountRequired.swift */ = {isa = PBXFileReference; lastKnownFileType = sourcecode.swift; path = AccountRequired.swift; sourceTree = "<group>"; };
		6B3AF711212B0B590039F415 /* UIButton+Animation.swift */ = {isa = PBXFileReference; lastKnownFileType = sourcecode.swift; path = "UIButton+Animation.swift"; sourceTree = "<group>"; };
		6B3DC513204978B200840CE6 /* ExampleBasicContentView.swift */ = {isa = PBXFileReference; lastKnownFileType = sourcecode.swift; path = ExampleBasicContentView.swift; sourceTree = "<group>"; };
		6B44D1B0210EDA9200BCF354 /* FormSectionViewModel.swift */ = {isa = PBXFileReference; lastKnownFileType = sourcecode.swift; path = FormSectionViewModel.swift; sourceTree = "<group>"; };
		6B465DCC2048581C00EED286 /* InHeartStep.swift */ = {isa = PBXFileReference; lastKnownFileType = sourcecode.swift; path = InHeartStep.swift; sourceTree = "<group>"; };
		6B465DCE20485CEF00EED286 /* AppFlow.swift */ = {isa = PBXFileReference; lastKnownFileType = sourcecode.swift; path = AppFlow.swift; sourceTree = "<group>"; };
		6B465DD02049084200EED286 /* SelectedFlow.swift */ = {isa = PBXFileReference; lastKnownFileType = sourcecode.swift; path = SelectedFlow.swift; sourceTree = "<group>"; };
		6B465DD220490AE600EED286 /* ViewModelBased.swift */ = {isa = PBXFileReference; lastKnownFileType = sourcecode.swift; path = ViewModelBased.swift; sourceTree = "<group>"; };
		6B465DD6204915DF00EED286 /* AccountFlow.swift */ = {isa = PBXFileReference; lastKnownFileType = sourcecode.swift; path = AccountFlow.swift; sourceTree = "<group>"; };
		6B465DD82049340200EED286 /* MainViewController.swift */ = {isa = PBXFileReference; lastKnownFileType = sourcecode.swift; path = MainViewController.swift; sourceTree = "<group>"; };
		6B465DDC2049342200EED286 /* AccountViewController.swift */ = {isa = PBXFileReference; lastKnownFileType = sourcecode.swift; path = AccountViewController.swift; sourceTree = "<group>"; };
		6B465DEF2049680600EED286 /* Key.swift */ = {isa = PBXFileReference; lastKnownFileType = sourcecode.swift; path = Key.swift; sourceTree = "<group>"; };
		6B4E424A20F8753A000FF7C5 /* ShoppingNoteViewController.swift */ = {isa = PBXFileReference; lastKnownFileType = sourcecode.swift; path = ShoppingNoteViewController.swift; sourceTree = "<group>"; };
		6B4E424C20F87563000FF7C5 /* ShoppingNoteViewModel.swift */ = {isa = PBXFileReference; lastKnownFileType = sourcecode.swift; path = ShoppingNoteViewModel.swift; sourceTree = "<group>"; };
		6B5ECFCE209AF99000345100 /* ContentViewController.swift */ = {isa = PBXFileReference; lastKnownFileType = sourcecode.swift; path = ContentViewController.swift; sourceTree = "<group>"; };
		6B5ECFD2209C8C2500345100 /* UIColor+Extensions.swift */ = {isa = PBXFileReference; lastKnownFileType = sourcecode.swift; path = "UIColor+Extensions.swift"; sourceTree = "<group>"; };
		6B5EDDDF20E47CBA00FF7B48 /* ProductListViewModel.swift */ = {isa = PBXFileReference; lastKnownFileType = sourcecode.swift; path = ProductListViewModel.swift; sourceTree = "<group>"; };
		6B60EFA62070A934002161DD /* DetailCollectionViewCell.swift */ = {isa = PBXFileReference; lastKnownFileType = sourcecode.swift; path = DetailCollectionViewCell.swift; sourceTree = "<group>"; };
		6B62E69C20E3FE7B0003DEF5 /* ProductListController.swift */ = {isa = PBXFileReference; lastKnownFileType = sourcecode.swift; path = ProductListController.swift; sourceTree = "<group>"; };
		6B6512562044333600E1D247 /* SelectedViewModel.swift */ = {isa = PBXFileReference; lastKnownFileType = sourcecode.swift; path = SelectedViewModel.swift; sourceTree = "<group>"; };
		6B70992220DB75A3004B5F2E /* Cart.swift */ = {isa = PBXFileReference; lastKnownFileType = sourcecode.swift; path = Cart.swift; sourceTree = "<group>"; };
		6B70992420DB75D4004B5F2E /* CartItem.swift */ = {isa = PBXFileReference; lastKnownFileType = sourcecode.swift; path = CartItem.swift; sourceTree = "<group>"; };
		6B70992820DB7616004B5F2E /* PickedItemCart.swift */ = {isa = PBXFileReference; lastKnownFileType = sourcecode.swift; path = PickedItemCart.swift; sourceTree = "<group>"; };
		6B70992A20DB7640004B5F2E /* Food.swift */ = {isa = PBXFileReference; lastKnownFileType = sourcecode.swift; path = Food.swift; sourceTree = "<group>"; };
		6B70992C20DB7665004B5F2E /* ProductCart.swift */ = {isa = PBXFileReference; lastKnownFileType = sourcecode.swift; path = ProductCart.swift; sourceTree = "<group>"; };
		6B70992E20DB775A004B5F2E /* GiftboxItemCart.swift */ = {isa = PBXFileReference; lastKnownFileType = sourcecode.swift; path = GiftboxItemCart.swift; sourceTree = "<group>"; };
		6B70993020DB77EC004B5F2E /* NewCartItem.swift */ = {isa = PBXFileReference; lastKnownFileType = sourcecode.swift; path = NewCartItem.swift; sourceTree = "<group>"; };
		6B73690F210E18100062FD42 /* CellConfigurable.swift */ = {isa = PBXFileReference; lastKnownFileType = sourcecode.swift; path = CellConfigurable.swift; sourceTree = "<group>"; };
		6B736911210E183F0062FD42 /* RowViewModel.swift */ = {isa = PBXFileReference; lastKnownFileType = sourcecode.swift; path = RowViewModel.swift; sourceTree = "<group>"; };
		6B73C1FB2085D51C00056ABA /* ScrollBarView.swift */ = {isa = PBXFileReference; lastKnownFileType = sourcecode.swift; path = ScrollBarView.swift; sourceTree = "<group>"; };
		6B73C1FE2085D7A500056ABA /* ScrollBarCell.swift */ = {isa = PBXFileReference; lastKnownFileType = sourcecode.swift; path = ScrollBarCell.swift; sourceTree = "<group>"; };
		6B73C1FF2085D7A500056ABA /* ScrollBarCell.xib */ = {isa = PBXFileReference; lastKnownFileType = file.xib; path = ScrollBarCell.xib; sourceTree = "<group>"; };
		6B79015C210B8BBA002147FC /* DeliveryContentCell.swift */ = {isa = PBXFileReference; lastKnownFileType = sourcecode.swift; path = DeliveryContentCell.swift; sourceTree = "<group>"; };
		6B7F487B208868D80067626B /* HCFocusModel.swift */ = {isa = PBXFileReference; lastKnownFileType = sourcecode.swift; path = HCFocusModel.swift; sourceTree = "<group>"; };
		6B7F487D208878C40067626B /* RxAlamofire+ObjectMapper.swift */ = {isa = PBXFileReference; lastKnownFileType = sourcecode.swift; path = "RxAlamofire+ObjectMapper.swift"; sourceTree = "<group>"; };
		6B7F487F208879CF0067626B /* HCBoutiqueModel.swift */ = {isa = PBXFileReference; lastKnownFileType = sourcecode.swift; path = HCBoutiqueModel.swift; sourceTree = "<group>"; };
		6B87C34C210338C6000155D2 /* SectionType.swift */ = {isa = PBXFileReference; lastKnownFileType = sourcecode.swift; path = SectionType.swift; sourceTree = "<group>"; };
		6B87C3512103614F000155D2 /* Dictionary+Key.swift */ = {isa = PBXFileReference; lastKnownFileType = sourcecode.swift; path = "Dictionary+Key.swift"; sourceTree = "<group>"; };
		6B95BCD620F0EE5C0094B716 /* DeliveryInfoCartItem.swift */ = {isa = PBXFileReference; lastKnownFileType = sourcecode.swift; path = DeliveryInfoCartItem.swift; sourceTree = "<group>"; };
		6B95BCD820F0EF190094B716 /* DeliveryInfo.swift */ = {isa = PBXFileReference; lastKnownFileType = sourcecode.swift; path = DeliveryInfo.swift; sourceTree = "<group>"; };
		6B9683EE20F4E94A0094D2BB /* CustomPageView.swift */ = {isa = PBXFileReference; lastKnownFileType = sourcecode.swift; path = CustomPageView.swift; sourceTree = "<group>"; };
		6B9BAD4A20F5012600DE02E7 /* InfoProductCell.swift */ = {isa = PBXFileReference; lastKnownFileType = sourcecode.swift; path = InfoProductCell.swift; sourceTree = "<group>"; };
		6B9BC55720F78DCA00355D9D /* UIViewController+HideKeyboard.swift */ = {isa = PBXFileReference; lastKnownFileType = sourcecode.swift; path = "UIViewController+HideKeyboard.swift"; sourceTree = "<group>"; };
		6B9BC55920F7AC8200355D9D /* LogoutView.swift */ = {isa = PBXFileReference; lastKnownFileType = sourcecode.swift; path = LogoutView.swift; sourceTree = "<group>"; };
		6B9BC55B20F7C2C600355D9D /* AccountCell.swift */ = {isa = PBXFileReference; lastKnownFileType = sourcecode.swift; path = AccountCell.swift; sourceTree = "<group>"; };
		6BA307E720DEBE72006A029E /* ExchangeViewModel.swift */ = {isa = PBXFileReference; lastKnownFileType = sourcecode.swift; path = ExchangeViewModel.swift; sourceTree = "<group>"; };
		6BA307EB20E08B9C006A029E /* ExchangeViewController.swift */ = {isa = PBXFileReference; lastKnownFileType = sourcecode.swift; path = ExchangeViewController.swift; sourceTree = "<group>"; };
		6BA4337A207DBF1700A1B331 /* CartFlow.swift */ = {isa = PBXFileReference; lastKnownFileType = sourcecode.swift; path = CartFlow.swift; sourceTree = "<group>"; };
		6BA82ABF210AC8F700E6CCAB /* OrderInfoCell.swift */ = {isa = PBXFileReference; lastKnownFileType = sourcecode.swift; path = OrderInfoCell.swift; sourceTree = "<group>"; };
		6BA82AC1210AD03800E6CCAB /* TotalPriceCell.swift */ = {isa = PBXFileReference; lastKnownFileType = sourcecode.swift; path = TotalPriceCell.swift; sourceTree = "<group>"; };
		6BA82AC3210AEB8100E6CCAB /* OrderInfoFooterView.swift */ = {isa = PBXFileReference; lastKnownFileType = sourcecode.swift; path = OrderInfoFooterView.swift; sourceTree = "<group>"; };
		6BAC5A8420B5163F0006E8DF /* Assets.xcassets */ = {isa = PBXFileReference; lastKnownFileType = folder.assetcatalog; path = Assets.xcassets; sourceTree = "<group>"; };
		6BAC5A8C20B56E3C0006E8DF /* IconPagingCell.swift */ = {isa = PBXFileReference; lastKnownFileType = sourcecode.swift; path = IconPagingCell.swift; sourceTree = "<group>"; };
		6BAC5A8E20B56E5F0006E8DF /* IconViewController.swift */ = {isa = PBXFileReference; lastKnownFileType = sourcecode.swift; path = IconViewController.swift; sourceTree = "<group>"; };
		6BAF50CE20FF360E00D14B65 /* CheckmarkHeaderView.swift */ = {isa = PBXFileReference; lastKnownFileType = sourcecode.swift; path = CheckmarkHeaderView.swift; sourceTree = "<group>"; };
		6BBC68FC20F203E3003B1CC2 /* InfoManager.swift */ = {isa = PBXFileReference; lastKnownFileType = sourcecode.swift; path = InfoManager.swift; sourceTree = "<group>"; };
		6BBC68FE20F26170003B1CC2 /* InfoDetailFlow.swift */ = {isa = PBXFileReference; lastKnownFileType = sourcecode.swift; path = InfoDetailFlow.swift; sourceTree = "<group>"; };
		6BBC690120F263E1003B1CC2 /* InfoDetailViewController.swift */ = {isa = PBXFileReference; lastKnownFileType = sourcecode.swift; path = InfoDetailViewController.swift; sourceTree = "<group>"; };
		6BBC690320F2640F003B1CC2 /* InfoDetailViewModel.swift */ = {isa = PBXFileReference; lastKnownFileType = sourcecode.swift; path = InfoDetailViewModel.swift; sourceTree = "<group>"; };
		6BBD047F205CCBA400B29388 /* MainItemViewModel.swift */ = {isa = PBXFileReference; lastKnownFileType = sourcecode.swift; path = MainItemViewModel.swift; sourceTree = "<group>"; };
		6BBD0481205CE39800B29388 /* Realm+Rxswift.swift */ = {isa = PBXFileReference; lastKnownFileType = sourcecode.swift; path = "Realm+Rxswift.swift"; sourceTree = "<group>"; };
		6BC5F3C02091C0F9006F652C /* Theme.xcassets */ = {isa = PBXFileReference; lastKnownFileType = folder.assetcatalog; path = Theme.xcassets; sourceTree = "<group>"; };
		6BC5F3C22091C173006F652C /* Color.swift */ = {isa = PBXFileReference; lastKnownFileType = sourcecode.swift; path = Color.swift; sourceTree = "<group>"; };
		6BC7D7BE2108A4C50028BFD5 /* UIStackView+RemoveAllArrangeView.swift */ = {isa = PBXFileReference; lastKnownFileType = sourcecode.swift; path = "UIStackView+RemoveAllArrangeView.swift"; sourceTree = "<group>"; };
		6BC7D7C02108A7800028BFD5 /* PaymentInfoCell.swift */ = {isa = PBXFileReference; lastKnownFileType = sourcecode.swift; path = PaymentInfoCell.swift; sourceTree = "<group>"; };
		6BC7D7C22108AA2B0028BFD5 /* InfoCell.swift */ = {isa = PBXFileReference; lastKnownFileType = sourcecode.swift; path = InfoCell.swift; sourceTree = "<group>"; };
		6BC7D7C42108B3C50028BFD5 /* SendFooterView.swift */ = {isa = PBXFileReference; lastKnownFileType = sourcecode.swift; path = SendFooterView.swift; sourceTree = "<group>"; };
		6BC95DFE20BD2A2D00DE8436 /* ProductEntity.swift */ = {isa = PBXFileReference; lastKnownFileType = sourcecode.swift; path = ProductEntity.swift; sourceTree = "<group>"; };
		6BC95E0020BD2BD200DE8436 /* FoodEntity.swift */ = {isa = PBXFileReference; lastKnownFileType = sourcecode.swift; path = FoodEntity.swift; sourceTree = "<group>"; };
		6BCFD05B210C9D4400684F96 /* PopView.swift */ = {isa = PBXFileReference; lastKnownFileType = sourcecode.swift; path = PopView.swift; sourceTree = "<group>"; };
		6BCFD05E210CA0B700684F96 /* PopViewPresentable.swift */ = {isa = PBXFileReference; lastKnownFileType = sourcecode.swift; path = PopViewPresentable.swift; sourceTree = "<group>"; };
		6BCFD061210CC5FA00684F96 /* CartItemHeaderView.swift */ = {isa = PBXFileReference; lastKnownFileType = sourcecode.swift; path = CartItemHeaderView.swift; sourceTree = "<group>"; };
		6BD2F75220F9FAC900FE6BB0 /* CustomLayout.swift */ = {isa = PBXFileReference; lastKnownFileType = sourcecode.swift; path = CustomLayout.swift; sourceTree = "<group>"; };
		6BD523C820E1F12100043C2A /* FoodsCollectionViewCell.swift */ = {isa = PBXFileReference; lastKnownFileType = sourcecode.swift; path = FoodsCollectionViewCell.swift; sourceTree = "<group>"; };
		6BD523CA20E2892E00043C2A /* FoodsFlowLayout.swift */ = {isa = PBXFileReference; lastKnownFileType = sourcecode.swift; path = FoodsFlowLayout.swift; sourceTree = "<group>"; };
		6BD5C19021060FB4003B2B45 /* PriceView.swift */ = {isa = PBXFileReference; lastKnownFileType = sourcecode.swift; path = PriceView.swift; sourceTree = "<group>"; };
		6BD729472121EF4A00B4D4F7 /* BaseCartItemExpandableView.swift */ = {isa = PBXFileReference; lastKnownFileType = sourcecode.swift; path = BaseCartItemExpandableView.swift; sourceTree = "<group>"; };
		6BD729492121EFE100B4D4F7 /* SendOrderExpandableView.swift */ = {isa = PBXFileReference; lastKnownFileType = sourcecode.swift; path = SendOrderExpandableView.swift; sourceTree = "<group>"; };
		6BD9F05A20E4B02C00A8AC5B /* AxisView.swift */ = {isa = PBXFileReference; lastKnownFileType = sourcecode.swift; path = AxisView.swift; sourceTree = "<group>"; };
		6BE0DDD8210773F10014C9B5 /* SendOrderHeaderView.swift */ = {isa = PBXFileReference; lastKnownFileType = sourcecode.swift; path = SendOrderHeaderView.swift; sourceTree = "<group>"; };
		6BE0DDDA21078A950014C9B5 /* DeliveryInfoCell.swift */ = {isa = PBXFileReference; lastKnownFileType = sourcecode.swift; path = DeliveryInfoCell.swift; sourceTree = "<group>"; };
		6BE2B82A2112F4DF00783807 /* default.png */ = {isa = PBXFileReference; lastKnownFileType = image.png; path = default.png; sourceTree = "<group>"; };
		6BE2B82C21132CCB00783807 /* UIViewController+Tabbar.swift */ = {isa = PBXFileReference; lastKnownFileType = sourcecode.swift; path = "UIViewController+Tabbar.swift"; sourceTree = "<group>"; };
		6BE2B82E211337E300783807 /* UIScreen+Frame.swift */ = {isa = PBXFileReference; lastKnownFileType = sourcecode.swift; path = "UIScreen+Frame.swift"; sourceTree = "<group>"; };
		6BE2B83021133D8400783807 /* Cell+Reusable.swift */ = {isa = PBXFileReference; lastKnownFileType = sourcecode.swift; path = "Cell+Reusable.swift"; sourceTree = "<group>"; };
		6BE2B8382113409C00783807 /* LaunchBackground.png */ = {isa = PBXFileReference; lastKnownFileType = image.png; path = LaunchBackground.png; sourceTree = "<group>"; };
		6BE2B83A2113454F00783807 /* PopupFoodCell.swift */ = {isa = PBXFileReference; lastKnownFileType = sourcecode.swift; path = PopupFoodCell.swift; sourceTree = "<group>"; };
		6BE30F392101CE6B00900124 /* UIImage+Resize.swift */ = {isa = PBXFileReference; lastKnownFileType = sourcecode.swift; path = "UIImage+Resize.swift"; sourceTree = "<group>"; };
		6BE30F3B2101D45000900124 /* AllocateHeaderView.swift */ = {isa = PBXFileReference; lastKnownFileType = sourcecode.swift; path = AllocateHeaderView.swift; sourceTree = "<group>"; };
		6BE3746020639CBA00F4AEDB /* MainCollectionViewCell.swift */ = {isa = PBXFileReference; lastKnownFileType = sourcecode.swift; path = MainCollectionViewCell.swift; sourceTree = "<group>"; };
		6BEAAFDF20BEF00B00125DD3 /* DBBaseBean.swift */ = {isa = PBXFileReference; lastKnownFileType = sourcecode.swift; path = DBBaseBean.swift; sourceTree = "<group>"; };
		6BEAAFE120BEF01900125DD3 /* DBConfig.swift */ = {isa = PBXFileReference; lastKnownFileType = sourcecode.swift; path = DBConfig.swift; sourceTree = "<group>"; };
		6BEAAFE320BEF03200125DD3 /* DBManager.swift */ = {isa = PBXFileReference; lastKnownFileType = sourcecode.swift; path = DBManager.swift; sourceTree = "<group>"; };
		6BEAAFF920BFCEB600125DD3 /* Array+Extensions.swift */ = {isa = PBXFileReference; lastKnownFileType = sourcecode.swift; path = "Array+Extensions.swift"; sourceTree = "<group>"; };
		6BEAAFFB20C131C200125DD3 /* String+Extensions.swift */ = {isa = PBXFileReference; lastKnownFileType = sourcecode.swift; path = "String+Extensions.swift"; sourceTree = "<group>"; };
		6BF1D1B3205D8D7000F58D86 /* Obserable+Extension.swift */ = {isa = PBXFileReference; lastKnownFileType = sourcecode.swift; path = "Obserable+Extension.swift"; sourceTree = "<group>"; };
		6BF8999F20E75534000F4EAA /* BaseExpandView.swift */ = {isa = PBXFileReference; lastKnownFileType = sourcecode.swift; path = BaseExpandView.swift; sourceTree = "<group>"; };
		6BF899A120E762C8000F4EAA /* CartExpandView.swift */ = {isa = PBXFileReference; lastKnownFileType = sourcecode.swift; path = CartExpandView.swift; sourceTree = "<group>"; };
		6BF899A520E76DF3000F4EAA /* UILabel + Custom.swift */ = {isa = PBXFileReference; lastKnownFileType = sourcecode.swift; path = "UILabel + Custom.swift"; sourceTree = "<group>"; };
		6BF899A920E7777F000F4EAA /* UIView + Shadow.swift */ = {isa = PBXFileReference; lastKnownFileType = sourcecode.swift; path = "UIView + Shadow.swift"; sourceTree = "<group>"; };
		6BF899AB20E77B67000F4EAA /* UIView + Helper.swift */ = {isa = PBXFileReference; lastKnownFileType = sourcecode.swift; path = "UIView + Helper.swift"; sourceTree = "<group>"; };
		6BF899AD20E781ED000F4EAA /* UIButton + Helper.swift */ = {isa = PBXFileReference; lastKnownFileType = sourcecode.swift; path = "UIButton + Helper.swift"; sourceTree = "<group>"; };
		6BF899B020E8A864000F4EAA /* FormViewController.swift */ = {isa = PBXFileReference; lastKnownFileType = sourcecode.swift; path = FormViewController.swift; sourceTree = "<group>"; };
		6BF899B220E8A872000F4EAA /* FormViewModel.swift */ = {isa = PBXFileReference; lastKnownFileType = sourcecode.swift; path = FormViewModel.swift; sourceTree = "<group>"; };
		6BF899B520E8AA4F000F4EAA /* SendOrderViewController.swift */ = {isa = PBXFileReference; lastKnownFileType = sourcecode.swift; path = SendOrderViewController.swift; sourceTree = "<group>"; };
		6BF899B720E8AA78000F4EAA /* SendOrderViewModel.swift */ = {isa = PBXFileReference; lastKnownFileType = sourcecode.swift; path = SendOrderViewModel.swift; sourceTree = "<group>"; };
		6BF899BA20E9E9FD000F4EAA /* DeliveryCell.swift */ = {isa = PBXFileReference; lastKnownFileType = sourcecode.swift; path = DeliveryCell.swift; sourceTree = "<group>"; };
		6BF899BC20E9EA1D000F4EAA /* PaymentCell.swift */ = {isa = PBXFileReference; lastKnownFileType = sourcecode.swift; path = PaymentCell.swift; sourceTree = "<group>"; };
		6BF899C020E9F32C000F4EAA /* BaseHeader.swift */ = {isa = PBXFileReference; lastKnownFileType = sourcecode.swift; path = BaseHeader.swift; sourceTree = "<group>"; };
		6BF899C220E9F4AE000F4EAA /* DeliveryHeaderView.swift */ = {isa = PBXFileReference; lastKnownFileType = sourcecode.swift; path = DeliveryHeaderView.swift; sourceTree = "<group>"; };
		6BF899C420E9FB8C000F4EAA /* PaymentHeaderView.swift */ = {isa = PBXFileReference; lastKnownFileType = sourcecode.swift; path = PaymentHeaderView.swift; sourceTree = "<group>"; };
		6BFA32FD208305A000613ADE /* CartViewController.swift */ = {isa = PBXFileReference; lastKnownFileType = sourcecode.swift; path = CartViewController.swift; sourceTree = "<group>"; };
		6BFA32FF208305D800613ADE /* CartViewModel.swift */ = {isa = PBXFileReference; lastKnownFileType = sourcecode.swift; path = CartViewModel.swift; sourceTree = "<group>"; };
		6BFD79C921184C1800902D2F /* Group.png */ = {isa = PBXFileReference; lastKnownFileType = image.png; path = Group.png; sourceTree = "<group>"; };
/* End PBXFileReference section */

/* Begin PBXFrameworksBuildPhase section */
		6B35A8BC2032C82C00D4259E /* Frameworks */ = {
			isa = PBXFrameworksBuildPhase;
			buildActionMask = 2147483647;
			files = (
				B23235C6314D44F9A3ED9BC6 /* Pods_Realm_RxSwift.framework in Frameworks */,
			);
			runOnlyForDeploymentPostprocessing = 0;
		};
/* End PBXFrameworksBuildPhase section */

/* Begin PBXGroup section */
		65A9C302D0476E175E470ABC /* Frameworks */ = {
			isa = PBXGroup;
			children = (
				448E959ECA76F5E222282696 /* Pods_Realm_RxSwift.framework */,
			);
			name = Frameworks;
			sourceTree = "<group>";
		};
		6B0ABE132033396F00FEEE87 /* Service */ = {
			isa = PBXGroup;
			children = (
				6B0ABE2C2033DDB100FEEE87 /* ApiManager.swift */,
				6B330FE521343E7400E714BF /* ProductService.swift */,
				6B330FE721343F4300E714BF /* ModifyCartItemService.swift */,
			);
			path = Service;
			sourceTree = "<group>";
		};
		6B0ABE1820333D7D00FEEE87 /* Moya+ObjectMapper */ = {
			isa = PBXGroup;
			children = (
				6B0ABE1920333D8C00FEEE87 /* Single+MoyaObjectMapper.swift */,
				6B0ABE1B20333DA700FEEE87 /* ObserverType+ObjectMapper.swift */,
				6B0ABE1D20333DC100FEEE87 /* Observable+ObjectMapper.swift */,
			);
			path = "Moya+ObjectMapper";
			sourceTree = "<group>";
		};
		6B0ABE3A2039CED300FEEE87 /* Library */ = {
			isa = PBXGroup;
			children = (
				6B465DD220490AE600EED286 /* ViewModelBased.swift */,
			);
			path = Library;
			sourceTree = "<group>";
		};
		6B0ABE47203FBB4100FEEE87 /* Account */ = {
			isa = PBXGroup;
			children = (
				6B0ABE48203FBB5500FEEE87 /* AccountViewModel.swift */,
				6B465DDC2049342200EED286 /* AccountViewController.swift */,
				6B9BC55920F7AC8200355D9D /* LogoutView.swift */,
				6B9BC55B20F7C2C600355D9D /* AccountCell.swift */,
				6B396D6B211C593A0023F2B1 /* AccountRequired.swift */,
			);
			path = Account;
			sourceTree = "<group>";
		};
		6B0D419E2105C21D0052065E /* Model */ = {
			isa = PBXGroup;
			children = (
				6B0D41A12105C2450052065E /* SendOrderModel.swift */,
			);
			path = Model;
			sourceTree = "<group>";
		};
		6B0EC5BD20D18D4700786956 /* Model */ = {
			isa = PBXGroup;
			children = (
				6B70993020DB77EC004B5F2E /* NewCartItem.swift */,
				6B70992220DB75A3004B5F2E /* Cart.swift */,
				6B70992420DB75D4004B5F2E /* CartItem.swift */,
				6B70992820DB7616004B5F2E /* PickedItemCart.swift */,
				6B70992A20DB7640004B5F2E /* Food.swift */,
				6B70992C20DB7665004B5F2E /* ProductCart.swift */,
				6B70992E20DB775A004B5F2E /* GiftboxItemCart.swift */,
			);
			name = Model;
			path = "New Group1";
			sourceTree = "<group>";
		};
		6B0F2FAE21098DB400FE2A62 /* OrderInfo */ = {
			isa = PBXGroup;
			children = (
				6B0F2FAF21098DD500FE2A62 /* OrderInfoViewController.swift */,
				6B0F2FB121098E2800FE2A62 /* OrderInfoViewModel.swift */,
				6BA82ABF210AC8F700E6CCAB /* OrderInfoCell.swift */,
				6BA82AC1210AD03800E6CCAB /* TotalPriceCell.swift */,
				6BA82AC3210AEB8100E6CCAB /* OrderInfoFooterView.swift */,
				6B79015C210B8BBA002147FC /* DeliveryContentCell.swift */,
			);
			path = OrderInfo;
			sourceTree = "<group>";
		};
		6B0F2FB32109C95E00FE2A62 /* View */ = {
			isa = PBXGroup;
			children = (
				6B0F2FB62109C97D00FE2A62 /* Footer */,
				6B0F2FB52109C97500FE2A62 /* Header */,
				6B0F2FB42109C97000FE2A62 /* Cell */,
			);
			path = View;
			sourceTree = "<group>";
		};
		6B0F2FB42109C97000FE2A62 /* Cell */ = {
			isa = PBXGroup;
			children = (
				6BE0DDDA21078A950014C9B5 /* DeliveryInfoCell.swift */,
				6BC7D7C02108A7800028BFD5 /* PaymentInfoCell.swift */,
				6BC7D7C22108AA2B0028BFD5 /* InfoCell.swift */,
			);
			path = Cell;
			sourceTree = "<group>";
		};
		6B0F2FB52109C97500FE2A62 /* Header */ = {
			isa = PBXGroup;
			children = (
				6BE0DDD8210773F10014C9B5 /* SendOrderHeaderView.swift */,
			);
			path = Header;
			sourceTree = "<group>";
		};
		6B0F2FB62109C97D00FE2A62 /* Footer */ = {
			isa = PBXGroup;
			children = (
				6BD5C19021060FB4003B2B45 /* PriceView.swift */,
				6BC7D7C42108B3C50028BFD5 /* SendFooterView.swift */,
			);
			path = Footer;
			sourceTree = "<group>";
		};
		6B20E4EB20EBE05B00183601 /* Address */ = {
			isa = PBXGroup;
			children = (
				6B20E4EC20EBE07F00183601 /* AddressViewController.swift */,
				6B20E4EE20EBE08C00183601 /* AddressViewModel.swift */,
				6B20E4F520EBF2FE00183601 /* BaseTopView.swift */,
			);
			path = Address;
			sourceTree = "<group>";
		};
		6B20E4F020EBE0E600183601 /* AllocateProduct */ = {
			isa = PBXGroup;
			children = (
				6B20E4F120EBE10B00183601 /* AllocateViewController.swift */,
				6B20E4F320EBE11700183601 /* AllocateViewModel.swift */,
				6B20E4F920ED4D1500183601 /* AllocateCell.swift */,
				6BE30F3B2101D45000900124 /* AllocateHeaderView.swift */,
			);
			path = AllocateProduct;
			sourceTree = "<group>";
		};
		6B2E1DA220543EE5009FF666 /* Cell */ = {
			isa = PBXGroup;
			children = (
				6B35A9E320332B3000D4259E /* MainTableViewCell.swift */,
				6BE3746020639CBA00F4AEDB /* MainCollectionViewCell.swift */,
			);
			name = Cell;
			path = ../Cell;
			sourceTree = "<group>";
		};
		6B35A8B62032C82C00D4259E = {
			isa = PBXGroup;
			children = (
				6B35A8C12032C82C00D4259E /* Realm+RxSwift */,
				6B35A8C02032C82C00D4259E /* Products */,
				CEA4916176E602F56F9FA7AE /* Pods */,
				65A9C302D0476E175E470ABC /* Frameworks */,
			);
			sourceTree = "<group>";
		};
		6B35A8C02032C82C00D4259E /* Products */ = {
			isa = PBXGroup;
			children = (
				6B35A8BF2032C82C00D4259E /* Realm+RxSwift.app */,
			);
			name = Products;
			sourceTree = "<group>";
		};
		6B35A8C12032C82C00D4259E /* Realm+RxSwift */ = {
			isa = PBXGroup;
			children = (
				6B35A8D42032CE0A00D4259E /* Classes */,
				6B35A8C22032C82C00D4259E /* AppDelegate.swift */,
				6BC5F3C02091C0F9006F652C /* Theme.xcassets */,
				6BAC5A8420B5163F0006E8DF /* Assets.xcassets */,
				6B35A8CB2032C82C00D4259E /* LaunchScreen.storyboard */,
				6B35A8CE2032C82C00D4259E /* Info.plist */,
			);
			path = "Realm+RxSwift";
			sourceTree = "<group>";
		};
		6B35A8D42032CE0A00D4259E /* Classes */ = {
			isa = PBXGroup;
			children = (
				6B35A9D8203315BB00D4259E /* Scenes */,
				6B465DCB204857ED00EED286 /* Flows */,
				6BE0428F2085D39A00282F5E /* Common */,
				6BE2B83321133FFE00783807 /* Sources */,
			);
			path = Classes;
			sourceTree = "<group>";
		};
		6B35A8D62032CF1D00D4259E /* Entities */ = {
			isa = PBXGroup;
			children = (
				6BC95DFE20BD2A2D00DE8436 /* ProductEntity.swift */,
				6BC95E0020BD2BD200DE8436 /* FoodEntity.swift */,
			);
			path = Entities;
			sourceTree = "<group>";
		};
		6B35A9D62033150E00D4259E /* Extensions */ = {
			isa = PBXGroup;
			children = (
				6B87C35021034488000155D2 /* Foundation */,
				6B87C34F21034475000155D2 /* RxSwift */,
				6B87C34E21034460000155D2 /* UIKit */,
				6B0ABE1820333D7D00FEEE87 /* Moya+ObjectMapper */,
				6B24B5CF20EF5B7500985C3D /* PickerViewViewController.swift */,
			);
			path = Extensions;
			sourceTree = "<group>";
		};
		6B35A9D8203315BB00D4259E /* Scenes */ = {
			isa = PBXGroup;
			children = (
				6B0ABE47203FBB4100FEEE87 /* Account */,
				6B4E424920F87508000FF7C5 /* ShoppingNote */,
				6B35A9D9203315D600D4259E /* Main */,
				6B65124F20442FD500E1D247 /* Selected */,
				6BA43377207DBE2E00A1B331 /* Cart */,
				6BF899B920E9382B000F4EAA /* Exchange */,
				6B5EDDE320E489A600FF7B48 /* ProductList */,
				6BF899AF20E8A847000F4EAA /* Form */,
				6BF899B420E8AA38000F4EAA /* SendOrder */,
				6B0F2FAE21098DB400FE2A62 /* OrderInfo */,
				6B20E4EB20EBE05B00183601 /* Address */,
				6B20E4F020EBE0E600183601 /* AllocateProduct */,
				6BBC690020F263BA003B1CC2 /* InfoDetail */,
			);
			path = Scenes;
			sourceTree = "<group>";
		};
		6B35A9D9203315D600D4259E /* Main */ = {
			isa = PBXGroup;
			children = (
				6B7F486E20864C430067626B /* Model */,
				6B7F486F20864C4F0067626B /* ViewModel */,
				6B7F486920863B980067626B /* View */,
			);
			path = Main;
			sourceTree = "<group>";
		};
		6B465DCB204857ED00EED286 /* Flows */ = {
			isa = PBXGroup;
			children = (
				6B465DCC2048581C00EED286 /* InHeartStep.swift */,
				6B465DCE20485CEF00EED286 /* AppFlow.swift */,
				6B465DD02049084200EED286 /* SelectedFlow.swift */,
				6B465DD6204915DF00EED286 /* AccountFlow.swift */,
				6BA4337A207DBF1700A1B331 /* CartFlow.swift */,
				6B20E4E920EBDE9000183601 /* AddressFlow.swift */,
				6BBC68FE20F26170003B1CC2 /* InfoDetailFlow.swift */,
			);
			path = Flows;
			sourceTree = "<group>";
		};
		6B4E424920F87508000FF7C5 /* ShoppingNote */ = {
			isa = PBXGroup;
			children = (
				6B4E424A20F8753A000FF7C5 /* ShoppingNoteViewController.swift */,
				6B4E424C20F87563000FF7C5 /* ShoppingNoteViewModel.swift */,
			);
			path = ShoppingNote;
			sourceTree = "<group>";
		};
		6B5EDDE320E489A600FF7B48 /* ProductList */ = {
			isa = PBXGroup;
			children = (
				6B62E69C20E3FE7B0003DEF5 /* ProductListController.swift */,
				6B5EDDDF20E47CBA00FF7B48 /* ProductListViewModel.swift */,
			);
			path = ProductList;
			sourceTree = "<group>";
		};
		6B60EFA82071D3A8002161DD /* DataBase */ = {
			isa = PBXGroup;
			children = (
				6BEAAFDE20BEEFF800125DD3 /* RealmHelper */,
				6B35A8D62032CF1D00D4259E /* Entities */,
			);
			path = DataBase;
			sourceTree = "<group>";
		};
		6B60EFB4207318DA002161DD /* Cell */ = {
			isa = PBXGroup;
			children = (
				6B60EFA62070A934002161DD /* DetailCollectionViewCell.swift */,
			);
			path = Cell;
			sourceTree = "<group>";
		};
		6B65124F20442FD500E1D247 /* Selected */ = {
			isa = PBXGroup;
			children = (
				6BAC5A8B20B56E2C0006E8DF /* Ex */,
				6B60EFB4207318DA002161DD /* Cell */,
				6B6512562044333600E1D247 /* SelectedViewModel.swift */,
				6B24951B2100F89600A90823 /* SelectedViewController.swift */,
				6B9683EE20F4E94A0094D2BB /* CustomPageView.swift */,
				6BD2F75220F9FAC900FE6BB0 /* CustomLayout.swift */,
			);
			path = Selected;
			sourceTree = "<group>";
		};
		6B73690E210E17E40062FD42 /* TableView */ = {
			isa = PBXGroup;
			children = (
				6B73690F210E18100062FD42 /* CellConfigurable.swift */,
				6B736911210E183F0062FD42 /* RowViewModel.swift */,
			);
			path = TableView;
			sourceTree = "<group>";
		};
		6B73C1FD2085D77600056ABA /* ScrollBarView */ = {
			isa = PBXGroup;
			children = (
				6B7F489A208D807F0067626B /* ScrollBarModel */,
				6B73C1FB2085D51C00056ABA /* ScrollBarView.swift */,
				6B73C1FE2085D7A500056ABA /* ScrollBarCell.swift */,
				6B73C1FF2085D7A500056ABA /* ScrollBarCell.xib */,
			);
			path = ScrollBarView;
			sourceTree = "<group>";
		};
		6B7F486920863B980067626B /* View */ = {
			isa = PBXGroup;
			children = (
				6BE2B83221133FB600783807 /* ViewController */,
				6B2E1DA220543EE5009FF666 /* Cell */,
			);
			path = View;
			sourceTree = "<group>";
		};
		6B7F486E20864C430067626B /* Model */ = {
			isa = PBXGroup;
			children = (
				6BBD047F205CCBA400B29388 /* MainItemViewModel.swift */,
			);
			path = Model;
			sourceTree = "<group>";
		};
		6B7F486F20864C4F0067626B /* ViewModel */ = {
			isa = PBXGroup;
			children = (
				6B35A9DA203315E600D4259E /* MainViewModel.swift */,
			);
			path = ViewModel;
			sourceTree = "<group>";
		};
		6B7F489A208D807F0067626B /* ScrollBarModel */ = {
			isa = PBXGroup;
			children = (
				6B7F487B208868D80067626B /* HCFocusModel.swift */,
				6B7F487F208879CF0067626B /* HCBoutiqueModel.swift */,
			);
			path = ScrollBarModel;
			sourceTree = "<group>";
		};
		6B87C34E21034460000155D2 /* UIKit */ = {
			isa = PBXGroup;
			children = (
				6B5ECFD2209C8C2500345100 /* UIColor+Extensions.swift */,
				6BF899A920E7777F000F4EAA /* UIView + Shadow.swift */,
				6BF899AB20E77B67000F4EAA /* UIView + Helper.swift */,
				6B24B5D520EF5C4200985C3D /* UIView+Extensions.swift */,
				6BF899A520E76DF3000F4EAA /* UILabel + Custom.swift */,
				6BF899AD20E781ED000F4EAA /* UIButton + Helper.swift */,
				6B9BC55720F78DCA00355D9D /* UIViewController+HideKeyboard.swift */,
				6B20E4E720EB82B700183601 /* UIViewController + DismissTextField.swift */,
				6B24B5D120EF5BAA00985C3D /* UIAlertController+Extensions.swift */,
				6BE30F392101CE6B00900124 /* UIImage+Resize.swift */,
				6BC7D7BE2108A4C50028BFD5 /* UIStackView+RemoveAllArrangeView.swift */,
				6BE2B82C21132CCB00783807 /* UIViewController+Tabbar.swift */,
				6BE2B82E211337E300783807 /* UIScreen+Frame.swift */,
				6BE2B83021133D8400783807 /* Cell+Reusable.swift */,
				6B3AF711212B0B590039F415 /* UIButton+Animation.swift */,
			);
			path = UIKit;
			sourceTree = "<group>";
		};
		6B87C34F21034475000155D2 /* RxSwift */ = {
			isa = PBXGroup;
			children = (
				6BF1D1B3205D8D7000F58D86 /* Obserable+Extension.swift */,
				6B7F487D208878C40067626B /* RxAlamofire+ObjectMapper.swift */,
				6BBD0481205CE39800B29388 /* Realm+Rxswift.swift */,
			);
			path = RxSwift;
			sourceTree = "<group>";
		};
		6B87C35021034488000155D2 /* Foundation */ = {
			isa = PBXGroup;
			children = (
				6BEAAFFB20C131C200125DD3 /* String+Extensions.swift */,
				6BEAAFF920BFCEB600125DD3 /* Array+Extensions.swift */,
				6B87C3512103614F000155D2 /* Dictionary+Key.swift */,
				6B24B5D320EF5BF500985C3D /* Common+Extensions.swift */,
				6B24B5D720EFC9FE00985C3D /* Notification+Name.swift */,
			);
			path = Foundation;
			sourceTree = "<group>";
		};
		6B9BC55220F78C9B00355D9D /* Model */ = {
			isa = PBXGroup;
			children = (
				6B95BCD620F0EE5C0094B716 /* DeliveryInfoCartItem.swift */,
				6B95BCD820F0EF190094B716 /* DeliveryInfo.swift */,
			);
			path = Model;
			sourceTree = "<group>";
		};
		6B9BC55320F78CAD00355D9D /* ViewModel */ = {
			isa = PBXGroup;
			children = (
				6BF899B220E8A872000F4EAA /* FormViewModel.swift */,
			);
			path = ViewModel;
			sourceTree = "<group>";
		};
		6B9BC55420F78CBC00355D9D /* View */ = {
			isa = PBXGroup;
			children = (
				6B9BC55620F78CD800355D9D /* HeaderView */,
				6B9BC55520F78CCC00355D9D /* Cell */,
				6BF899B020E8A864000F4EAA /* FormViewController.swift */,
			);
			path = View;
			sourceTree = "<group>";
		};
		6B9BC55520F78CCC00355D9D /* Cell */ = {
			isa = PBXGroup;
			children = (
				6BF899BA20E9E9FD000F4EAA /* DeliveryCell.swift */,
				6BF899BC20E9EA1D000F4EAA /* PaymentCell.swift */,
			);
			path = Cell;
			sourceTree = "<group>";
		};
		6B9BC55620F78CD800355D9D /* HeaderView */ = {
			isa = PBXGroup;
			children = (
				6BF899C020E9F32C000F4EAA /* BaseHeader.swift */,
				6BF899C220E9F4AE000F4EAA /* DeliveryHeaderView.swift */,
				6BF899C420E9FB8C000F4EAA /* PaymentHeaderView.swift */,
				6BAF50CE20FF360E00D14B65 /* CheckmarkHeaderView.swift */,
			);
			path = HeaderView;
			sourceTree = "<group>";
		};
		6BA307ED20E09C50006A029E /* ViewModel */ = {
			isa = PBXGroup;
			children = (
				6BFA32FF208305D800613ADE /* CartViewModel.swift */,
			);
			name = ViewModel;
			path = "New Group2";
			sourceTree = "<group>";
		};
		6BA43377207DBE2E00A1B331 /* Cart */ = {
			isa = PBXGroup;
			children = (
				6BA307ED20E09C50006A029E /* ViewModel */,
				6B0EC5BD20D18D4700786956 /* Model */,
				6BFA3301208306C900613ADE /* View */,
				6BFA32FD208305A000613ADE /* CartViewController.swift */,
			);
			path = Cart;
			sourceTree = "<group>";
		};
		6BAC5A8B20B56E2C0006E8DF /* Ex */ = {
			isa = PBXGroup;
			children = (
				6BAC5A8C20B56E3C0006E8DF /* IconPagingCell.swift */,
				6BAC5A8E20B56E5F0006E8DF /* IconViewController.swift */,
				6B0EC5BB20D0B26C00786956 /* IconItem.swift */,
			);
			path = Ex;
			sourceTree = "<group>";
		};
		6BBC690020F263BA003B1CC2 /* InfoDetail */ = {
			isa = PBXGroup;
			children = (
				6BBC690120F263E1003B1CC2 /* InfoDetailViewController.swift */,
				6BBC690320F2640F003B1CC2 /* InfoDetailViewModel.swift */,
				6B198B9F20F33CAF003BF92E /* InfoDeliveryCell.swift */,
				6B198BA120F3AFF3003BF92E /* InfoHeaderView.swift */,
				6B9BAD4A20F5012600DE02E7 /* InfoProductCell.swift */,
			);
			path = InfoDetail;
			sourceTree = "<group>";
		};
		6BCFD059210C9CD700684F96 /* ESTabbar */ = {
			isa = PBXGroup;
			children = (
				6B3DC513204978B200840CE6 /* ExampleBasicContentView.swift */,
			);
			path = ESTabbar;
			sourceTree = "<group>";
		};
		6BCFD05A210C9D2800684F96 /* PopupView */ = {
			isa = PBXGroup;
			children = (
				6BCFD05B210C9D4400684F96 /* PopView.swift */,
				6BCFD061210CC5FA00684F96 /* CartItemHeaderView.swift */,
			);
			path = PopupView;
			sourceTree = "<group>";
		};
		6BCFD05D210CA06000684F96 /* Protocal */ = {
			isa = PBXGroup;
			children = (
				6B73690E210E17E40062FD42 /* TableView */,
				6BCFD05E210CA0B700684F96 /* PopViewPresentable.swift */,
			);
			path = Protocal;
			sourceTree = "<group>";
		};
		6BCFD060210CA14400684F96 /* Helper */ = {
			isa = PBXGroup;
			children = (
				6B0EC5C020D2098A00786956 /* Dependencies.swift */,
				6BBC68FC20F203E3003B1CC2 /* InfoManager.swift */,
				6BC5F3C22091C173006F652C /* Color.swift */,
				6B465DEF2049680600EED286 /* Key.swift */,
				6B06425F211437C7000D22B9 /* Log.swift */,
			);
			path = Helper;
			sourceTree = "<group>";
		};
		6BD9F05720E4AFEF00A8AC5B /* AxisView */ = {
			isa = PBXGroup;
			children = (
				6BD9F05A20E4B02C00A8AC5B /* AxisView.swift */,
			);
			path = AxisView;
			sourceTree = "<group>";
		};
		6BE0428F2085D39A00282F5E /* Common */ = {
			isa = PBXGroup;
			children = (
				6BCFD060210CA14400684F96 /* Helper */,
				6BCFD05D210CA06000684F96 /* Protocal */,
				6BE042902085D44400282F5E /* CustomUI */,
				6B60EFA82071D3A8002161DD /* DataBase */,
				6B35A9D62033150E00D4259E /* Extensions */,
				6B0ABE3A2039CED300FEEE87 /* Library */,
				6B0ABE132033396F00FEEE87 /* Service */,
				6B87C34C210338C6000155D2 /* SectionType.swift */,
			);
			name = Common;
			path = "New Group1";
			sourceTree = "<group>";
		};
		6BE042902085D44400282F5E /* CustomUI */ = {
			isa = PBXGroup;
			children = (
				6BE2B83C211345DB00783807 /* Cell */,
				6BCFD05A210C9D2800684F96 /* PopupView */,
				6BCFD059210C9CD700684F96 /* ESTabbar */,
				6BD9F05720E4AFEF00A8AC5B /* AxisView */,
				6BF8999E20E754F5000F4EAA /* ExpandView */,
				6B73C1FD2085D77600056ABA /* ScrollBarView */,
			);
			path = CustomUI;
			sourceTree = "<group>";
		};
		6BE2B83221133FB600783807 /* ViewController */ = {
			isa = PBXGroup;
			children = (
				6B465DD82049340200EED286 /* MainViewController.swift */,
				6B5ECFCE209AF99000345100 /* ContentViewController.swift */,
			);
			path = ViewController;
			sourceTree = "<group>";
		};
		6BE2B83321133FFE00783807 /* Sources */ = {
			isa = PBXGroup;
			children = (
				6BE2B8382113409C00783807 /* LaunchBackground.png */,
				6BFD79C921184C1800902D2F /* Group.png */,
				6BE2B82A2112F4DF00783807 /* default.png */,
			);
			path = Sources;
			sourceTree = "<group>";
		};
		6BE2B83C211345DB00783807 /* Cell */ = {
			isa = PBXGroup;
			children = (
				6B07FDE220D5393C00F7D269 /* CartCell.swift */,
				6BE2B83A2113454F00783807 /* PopupFoodCell.swift */,
			);
			path = Cell;
			sourceTree = "<group>";
		};
		6BEAAFDE20BEEFF800125DD3 /* RealmHelper */ = {
			isa = PBXGroup;
			children = (
				6BEAAFDF20BEF00B00125DD3 /* DBBaseBean.swift */,
				6BEAAFE120BEF01900125DD3 /* DBConfig.swift */,
				6BEAAFE320BEF03200125DD3 /* DBManager.swift */,
			);
			path = RealmHelper;
			sourceTree = "<group>";
		};
		6BF8999E20E754F5000F4EAA /* ExpandView */ = {
			isa = PBXGroup;
			children = (
				6BF8999F20E75534000F4EAA /* BaseExpandView.swift */,
				6BD729472121EF4A00B4D4F7 /* BaseCartItemExpandableView.swift */,
				6BD729492121EFE100B4D4F7 /* SendOrderExpandableView.swift */,
			);
			path = ExpandView;
			sourceTree = "<group>";
		};
		6BF899AF20E8A847000F4EAA /* Form */ = {
			isa = PBXGroup;
			children = (
				6B9BC55420F78CBC00355D9D /* View */,
				6B9BC55320F78CAD00355D9D /* ViewModel */,
				6B9BC55220F78C9B00355D9D /* Model */,
				6B44D1B0210EDA9200BCF354 /* FormSectionViewModel.swift */,
			);
			path = Form;
			sourceTree = "<group>";
		};
		6BF899B420E8AA38000F4EAA /* SendOrder */ = {
			isa = PBXGroup;
			children = (
				6B0F2FB32109C95E00FE2A62 /* View */,
				6B0D419E2105C21D0052065E /* Model */,
				6BF899B520E8AA4F000F4EAA /* SendOrderViewController.swift */,
				6BF899B720E8AA78000F4EAA /* SendOrderViewModel.swift */,
			);
			path = SendOrder;
			sourceTree = "<group>";
		};
		6BF899B920E9382B000F4EAA /* Exchange */ = {
			isa = PBXGroup;
			children = (
				6BA307EB20E08B9C006A029E /* ExchangeViewController.swift */,
				6BA307E720DEBE72006A029E /* ExchangeViewModel.swift */,
			);
			path = Exchange;
			sourceTree = "<group>";
		};
		6BFA3301208306C900613ADE /* View */ = {
			isa = PBXGroup;
			children = (
				6BFA3302208306DB00613ADE /* Cell */,
				6BD523CA20E2892E00043C2A /* FoodsFlowLayout.swift */,
			);
			name = View;
			path = "New Group";
			sourceTree = "<group>";
		};
		6BFA3302208306DB00613ADE /* Cell */ = {
			isa = PBXGroup;
			children = (
				6B07FDE420D62AB900F7D269 /* CartFooterView.swift */,
				6BD523C820E1F12100043C2A /* FoodsCollectionViewCell.swift */,
				6BF899A120E762C8000F4EAA /* CartExpandView.swift */,
			);
			path = Cell;
			sourceTree = "<group>";
		};
		CEA4916176E602F56F9FA7AE /* Pods */ = {
			isa = PBXGroup;
			children = (
				4924433ACD23206E5F380419 /* Pods-Realm+RxSwift.debug.xcconfig */,
				64FB243E7C0EA7221386C3D5 /* Pods-Realm+RxSwift.release.xcconfig */,
			);
			name = Pods;
			sourceTree = "<group>";
		};
/* End PBXGroup section */

/* Begin PBXNativeTarget section */
		6B35A8BE2032C82C00D4259E /* Realm+RxSwift */ = {
			isa = PBXNativeTarget;
			buildConfigurationList = 6B35A8D12032C82C00D4259E /* Build configuration list for PBXNativeTarget "Realm+RxSwift" */;
			buildPhases = (
				7BC3CAB52ABA54063C5F2764 /* [CP] Check Pods Manifest.lock */,
				6B35A8BB2032C82C00D4259E /* Sources */,
				6B35A8BC2032C82C00D4259E /* Frameworks */,
				6B35A8BD2032C82C00D4259E /* Resources */,
				B884915B751950566D950B04 /* [CP] Embed Pods Frameworks */,
				6B35A9892033020A00D4259E /* Embed Frameworks */,
			);
			buildRules = (
			);
			dependencies = (
			);
			name = "Realm+RxSwift";
			productName = "Realm+RxSwift";
			productReference = 6B35A8BF2032C82C00D4259E /* Realm+RxSwift.app */;
			productType = "com.apple.product-type.application";
		};
/* End PBXNativeTarget section */

/* Begin PBXProject section */
		6B35A8B72032C82C00D4259E /* Project object */ = {
			isa = PBXProject;
			attributes = {
				LastSwiftUpdateCheck = 0910;
				LastUpgradeCheck = 0940;
				ORGANIZATIONNAME = "liao yuhao";
				TargetAttributes = {
					6B35A8BE2032C82C00D4259E = {
						CreatedOnToolsVersion = 9.1;
						ProvisioningStyle = Automatic;
					};
				};
			};
			buildConfigurationList = 6B35A8BA2032C82C00D4259E /* Build configuration list for PBXProject "Realm+RxSwift" */;
			compatibilityVersion = "Xcode 8.0";
			developmentRegion = en;
			hasScannedForEncodings = 0;
			knownRegions = (
				en,
				Base,
			);
			mainGroup = 6B35A8B62032C82C00D4259E;
			productRefGroup = 6B35A8C02032C82C00D4259E /* Products */;
			projectDirPath = "";
			projectRoot = "";
			targets = (
				6B35A8BE2032C82C00D4259E /* Realm+RxSwift */,
			);
		};
/* End PBXProject section */

/* Begin PBXResourcesBuildPhase section */
		6B35A8BD2032C82C00D4259E /* Resources */ = {
			isa = PBXResourcesBuildPhase;
			buildActionMask = 2147483647;
			files = (
				6BFD79CA21184C1800902D2F /* Group.png in Resources */,
				6B35A8CD2032C82C00D4259E /* LaunchScreen.storyboard in Resources */,
				6BE2B82B2112F4DF00783807 /* default.png in Resources */,
				6BE2B8392113409C00783807 /* LaunchBackground.png in Resources */,
				6B73C2012085D7A500056ABA /* ScrollBarCell.xib in Resources */,
				6BC5F3C12091C0F9006F652C /* Theme.xcassets in Resources */,
				6BAC5A8520B5163F0006E8DF /* Assets.xcassets in Resources */,
			);
			runOnlyForDeploymentPostprocessing = 0;
		};
/* End PBXResourcesBuildPhase section */

/* Begin PBXShellScriptBuildPhase section */
		7BC3CAB52ABA54063C5F2764 /* [CP] Check Pods Manifest.lock */ = {
			isa = PBXShellScriptBuildPhase;
			buildActionMask = 2147483647;
			files = (
			);
			inputPaths = (
				"${PODS_PODFILE_DIR_PATH}/Podfile.lock",
				"${PODS_ROOT}/Manifest.lock",
			);
			name = "[CP] Check Pods Manifest.lock";
			outputPaths = (
				"$(DERIVED_FILE_DIR)/Pods-Realm+RxSwift-checkManifestLockResult.txt",
			);
			runOnlyForDeploymentPostprocessing = 0;
			shellPath = /bin/sh;
			shellScript = "diff \"${PODS_PODFILE_DIR_PATH}/Podfile.lock\" \"${PODS_ROOT}/Manifest.lock\" > /dev/null\nif [ $? != 0 ] ; then\n    # print error to STDERR\n    echo \"error: The sandbox is not in sync with the Podfile.lock. Run 'pod install' or update your CocoaPods installation.\" >&2\n    exit 1\nfi\n# This output is used by Xcode 'outputs' to avoid re-running this script phase.\necho \"SUCCESS\" > \"${SCRIPT_OUTPUT_FILE_0}\"\n";
			showEnvVarsInLog = 0;
		};
		B884915B751950566D950B04 /* [CP] Embed Pods Frameworks */ = {
			isa = PBXShellScriptBuildPhase;
			buildActionMask = 2147483647;
			files = (
			);
			inputPaths = (
				"${SRCROOT}/Pods/Target Support Files/Pods-Realm+RxSwift/Pods-Realm+RxSwift-frameworks.sh",
				"${BUILT_PRODUCTS_DIR}/Alamofire/Alamofire.framework",
				"${BUILT_PRODUCTS_DIR}/AutoEquatable/AutoEquatable.framework",
				"${BUILT_PRODUCTS_DIR}/DNSPageView/DNSPageView.framework",
				"${BUILT_PRODUCTS_DIR}/Differentiator/Differentiator.framework",
				"${BUILT_PRODUCTS_DIR}/DropDown/DropDown.framework",
				"${BUILT_PRODUCTS_DIR}/ESTabBarController-swift/ESTabBarController_swift.framework",
				"${BUILT_PRODUCTS_DIR}/Kingfisher/Kingfisher.framework",
				"${BUILT_PRODUCTS_DIR}/M13Checkbox/M13Checkbox.framework",
				"${BUILT_PRODUCTS_DIR}/Moya/Moya.framework",
				"${BUILT_PRODUCTS_DIR}/NSObject+Rx/NSObject_Rx.framework",
				"${BUILT_PRODUCTS_DIR}/ObjectMapper/ObjectMapper.framework",
				"${BUILT_PRODUCTS_DIR}/ObjectMapper+Realm/ObjectMapper_Realm.framework",
				"${BUILT_PRODUCTS_DIR}/Parchment/Parchment.framework",
				"${BUILT_PRODUCTS_DIR}/Realm/Realm.framework",
				"${BUILT_PRODUCTS_DIR}/RealmSwift/RealmSwift.framework",
				"${BUILT_PRODUCTS_DIR}/Result/Result.framework",
				"${BUILT_PRODUCTS_DIR}/Reusable/Reusable.framework",
				"${BUILT_PRODUCTS_DIR}/RxAlamofire/RxAlamofire.framework",
				"${BUILT_PRODUCTS_DIR}/RxCocoa/RxCocoa.framework",
				"${BUILT_PRODUCTS_DIR}/RxDataSources/RxDataSources.framework",
				"${BUILT_PRODUCTS_DIR}/RxFlow/RxFlow.framework",
				"${BUILT_PRODUCTS_DIR}/RxRealm/RxRealm.framework",
				"${BUILT_PRODUCTS_DIR}/RxSwift/RxSwift.framework",
				"${BUILT_PRODUCTS_DIR}/SkyFloatingLabelTextField/SkyFloatingLabelTextField.framework",
				"${BUILT_PRODUCTS_DIR}/SnapKit/SnapKit.framework",
				"${BUILT_PRODUCTS_DIR}/TYCyclePagerView/TYCyclePagerView.framework",
			);
			name = "[CP] Embed Pods Frameworks";
			outputPaths = (
				"${TARGET_BUILD_DIR}/${FRAMEWORKS_FOLDER_PATH}/Alamofire.framework",
				"${TARGET_BUILD_DIR}/${FRAMEWORKS_FOLDER_PATH}/AutoEquatable.framework",
				"${TARGET_BUILD_DIR}/${FRAMEWORKS_FOLDER_PATH}/DNSPageView.framework",
				"${TARGET_BUILD_DIR}/${FRAMEWORKS_FOLDER_PATH}/Differentiator.framework",
				"${TARGET_BUILD_DIR}/${FRAMEWORKS_FOLDER_PATH}/DropDown.framework",
				"${TARGET_BUILD_DIR}/${FRAMEWORKS_FOLDER_PATH}/ESTabBarController_swift.framework",
				"${TARGET_BUILD_DIR}/${FRAMEWORKS_FOLDER_PATH}/Kingfisher.framework",
				"${TARGET_BUILD_DIR}/${FRAMEWORKS_FOLDER_PATH}/M13Checkbox.framework",
				"${TARGET_BUILD_DIR}/${FRAMEWORKS_FOLDER_PATH}/Moya.framework",
				"${TARGET_BUILD_DIR}/${FRAMEWORKS_FOLDER_PATH}/NSObject_Rx.framework",
				"${TARGET_BUILD_DIR}/${FRAMEWORKS_FOLDER_PATH}/ObjectMapper.framework",
				"${TARGET_BUILD_DIR}/${FRAMEWORKS_FOLDER_PATH}/ObjectMapper_Realm.framework",
				"${TARGET_BUILD_DIR}/${FRAMEWORKS_FOLDER_PATH}/Parchment.framework",
				"${TARGET_BUILD_DIR}/${FRAMEWORKS_FOLDER_PATH}/Realm.framework",
				"${TARGET_BUILD_DIR}/${FRAMEWORKS_FOLDER_PATH}/RealmSwift.framework",
				"${TARGET_BUILD_DIR}/${FRAMEWORKS_FOLDER_PATH}/Result.framework",
				"${TARGET_BUILD_DIR}/${FRAMEWORKS_FOLDER_PATH}/Reusable.framework",
				"${TARGET_BUILD_DIR}/${FRAMEWORKS_FOLDER_PATH}/RxAlamofire.framework",
				"${TARGET_BUILD_DIR}/${FRAMEWORKS_FOLDER_PATH}/RxCocoa.framework",
				"${TARGET_BUILD_DIR}/${FRAMEWORKS_FOLDER_PATH}/RxDataSources.framework",
				"${TARGET_BUILD_DIR}/${FRAMEWORKS_FOLDER_PATH}/RxFlow.framework",
				"${TARGET_BUILD_DIR}/${FRAMEWORKS_FOLDER_PATH}/RxRealm.framework",
				"${TARGET_BUILD_DIR}/${FRAMEWORKS_FOLDER_PATH}/RxSwift.framework",
				"${TARGET_BUILD_DIR}/${FRAMEWORKS_FOLDER_PATH}/SkyFloatingLabelTextField.framework",
				"${TARGET_BUILD_DIR}/${FRAMEWORKS_FOLDER_PATH}/SnapKit.framework",
				"${TARGET_BUILD_DIR}/${FRAMEWORKS_FOLDER_PATH}/TYCyclePagerView.framework",
			);
			runOnlyForDeploymentPostprocessing = 0;
			shellPath = /bin/sh;
			shellScript = "\"${SRCROOT}/Pods/Target Support Files/Pods-Realm+RxSwift/Pods-Realm+RxSwift-frameworks.sh\"\n";
			showEnvVarsInLog = 0;
		};
/* End PBXShellScriptBuildPhase section */

/* Begin PBXSourcesBuildPhase section */
		6B35A8BB2032C82C00D4259E /* Sources */ = {
			isa = PBXSourcesBuildPhase;
			buildActionMask = 2147483647;
			files = (
				6BE30F3C2101D45000900124 /* AllocateHeaderView.swift in Sources */,
				6B35A9E420332B3000D4259E /* MainTableViewCell.swift in Sources */,
				6BF899B120E8A864000F4EAA /* FormViewController.swift in Sources */,
				6BBD0482205CE39800B29388 /* Realm+Rxswift.swift in Sources */,
				6B5ECFD3209C8C2500345100 /* UIColor+Extensions.swift in Sources */,
				6B465DDE2049342200EED286 /* AccountViewController.swift in Sources */,
				6BEAAFE220BEF01900125DD3 /* DBConfig.swift in Sources */,
				6B0F2FB221098E2800FE2A62 /* OrderInfoViewModel.swift in Sources */,
				6B4E424D20F87563000FF7C5 /* ShoppingNoteViewModel.swift in Sources */,
				6B0EC5BC20D0B26C00786956 /* IconItem.swift in Sources */,
				6B24B5D220EF5BAA00985C3D /* UIAlertController+Extensions.swift in Sources */,
				6B7F487C208868D80067626B /* HCFocusModel.swift in Sources */,
				6B9BAD4B20F5012600DE02E7 /* InfoProductCell.swift in Sources */,
				6BEAAFE020BEF00B00125DD3 /* DBBaseBean.swift in Sources */,
				6BD523CB20E2892E00043C2A /* FoodsFlowLayout.swift in Sources */,
				6BA82AC4210AEB8100E6CCAB /* OrderInfoFooterView.swift in Sources */,
				6B198BA220F3AFF3003BF92E /* InfoHeaderView.swift in Sources */,
				6B0F2FB021098DD500FE2A62 /* OrderInfoViewController.swift in Sources */,
				6B20E4EA20EBDE9000183601 /* AddressFlow.swift in Sources */,
				6BF899C120E9F32C000F4EAA /* BaseHeader.swift in Sources */,
				6BA307E820DEBE72006A029E /* ExchangeViewModel.swift in Sources */,
				6B064260211437C7000D22B9 /* Log.swift in Sources */,
				6B5EDDE020E47CBA00FF7B48 /* ProductListViewModel.swift in Sources */,
				6B73C2002085D7A500056ABA /* ScrollBarCell.swift in Sources */,
				6B465DD320490AE600EED286 /* ViewModelBased.swift in Sources */,
				6B9BC55C20F7C2C600355D9D /* AccountCell.swift in Sources */,
				6B87C34D210338C6000155D2 /* SectionType.swift in Sources */,
				6B330FE621343E7400E714BF /* ProductService.swift in Sources */,
				6B79015D210B8BBA002147FC /* DeliveryContentCell.swift in Sources */,
				6BE2B82D21132CCB00783807 /* UIViewController+Tabbar.swift in Sources */,
				6B95BCD720F0EE5C0094B716 /* DeliveryInfoCartItem.swift in Sources */,
				6B24B5D020EF5B7500985C3D /* PickerViewViewController.swift in Sources */,
				6BC95DFF20BD2A2D00DE8436 /* ProductEntity.swift in Sources */,
				6BBD0480205CCBA400B29388 /* MainItemViewModel.swift in Sources */,
				6B24B5D620EF5C4200985C3D /* UIView+Extensions.swift in Sources */,
				6B70992F20DB775A004B5F2E /* GiftboxItemCart.swift in Sources */,
				6B0D41A22105C2450052065E /* SendOrderModel.swift in Sources */,
				6BBC690220F263E1003B1CC2 /* InfoDetailViewController.swift in Sources */,
				6B6512572044333600E1D247 /* SelectedViewModel.swift in Sources */,
				6BCFD05F210CA0B700684F96 /* PopViewPresentable.swift in Sources */,
				6BE0DDDB21078A950014C9B5 /* DeliveryInfoCell.swift in Sources */,
				6B3AF712212B0B590039F415 /* UIButton+Animation.swift in Sources */,
				6B62E69D20E3FE7B0003DEF5 /* ProductListController.swift in Sources */,
				6B20E4E820EB82B700183601 /* UIViewController + DismissTextField.swift in Sources */,
				6B60EFA72070A934002161DD /* DetailCollectionViewCell.swift in Sources */,
				6B24B5D420EF5BF500985C3D /* Common+Extensions.swift in Sources */,
				6B70992520DB75D4004B5F2E /* CartItem.swift in Sources */,
				6BF899BB20E9E9FD000F4EAA /* DeliveryCell.swift in Sources */,
				6BE2B83B2113454F00783807 /* PopupFoodCell.swift in Sources */,
				6B20E4F420EBE11700183601 /* AllocateViewModel.swift in Sources */,
				6BF899AE20E781EE000F4EAA /* UIButton + Helper.swift in Sources */,
				6B70992320DB75A3004B5F2E /* Cart.swift in Sources */,
				6BD9F05B20E4B02C00A8AC5B /* AxisView.swift in Sources */,
				6BE30F3A2101CE6B00900124 /* UIImage+Resize.swift in Sources */,
				6B24951C2100F89700A90823 /* SelectedViewController.swift in Sources */,
				6BC7D7C52108B3C50028BFD5 /* SendFooterView.swift in Sources */,
				6B9BC55A20F7AC8200355D9D /* LogoutView.swift in Sources */,
				6BD523C920E1F12100043C2A /* FoodsCollectionViewCell.swift in Sources */,
				6B20E4F620EBF2FE00183601 /* BaseTopView.swift in Sources */,
				6B465DCD2048581C00EED286 /* InHeartStep.swift in Sources */,
				6BF899B620E8AA4F000F4EAA /* SendOrderViewController.swift in Sources */,
				6BF899B820E8AA78000F4EAA /* SendOrderViewModel.swift in Sources */,
				6BE2B82F211337E300783807 /* UIScreen+Frame.swift in Sources */,
				6B0ABE1A20333D8C00FEEE87 /* Single+MoyaObjectMapper.swift in Sources */,
				6B7F4880208879CF0067626B /* HCBoutiqueModel.swift in Sources */,
				6BA82AC2210AD03800E6CCAB /* TotalPriceCell.swift in Sources */,
				6BEAAFFA20BFCEB600125DD3 /* Array+Extensions.swift in Sources */,
				6B95BCD920F0EF190094B716 /* DeliveryInfo.swift in Sources */,
				6B44D1B1210EDA9200BCF354 /* FormSectionViewModel.swift in Sources */,
				6BC7D7C32108AA2B0028BFD5 /* InfoCell.swift in Sources */,
				6BF899A220E762C8000F4EAA /* CartExpandView.swift in Sources */,
				6BFA32FE208305A000613ADE /* CartViewController.swift in Sources */,
				6B465DD7204915DF00EED286 /* AccountFlow.swift in Sources */,
				6BA82AC0210AC8F700E6CCAB /* OrderInfoCell.swift in Sources */,
				6BE3746220639CBA00F4AEDB /* MainCollectionViewCell.swift in Sources */,
				6B736910210E18100062FD42 /* CellConfigurable.swift in Sources */,
				6BA4337B207DBF1700A1B331 /* CartFlow.swift in Sources */,
				6BBC690420F2640F003B1CC2 /* InfoDetailViewModel.swift in Sources */,
				6B35A8C32032C82C00D4259E /* AppDelegate.swift in Sources */,
				6BC95E0120BD2BD200DE8436 /* FoodEntity.swift in Sources */,
				6B396D6C211C593A0023F2B1 /* AccountRequired.swift in Sources */,
				6B87C3522103614F000155D2 /* Dictionary+Key.swift in Sources */,
				6B736912210E183F0062FD42 /* RowViewModel.swift in Sources */,
				6BF899AC20E77B67000F4EAA /* UIView + Helper.swift in Sources */,
				6B0ABE1C20333DA700FEEE87 /* ObserverType+ObjectMapper.swift in Sources */,
				6BF899C520E9FB8C000F4EAA /* PaymentHeaderView.swift in Sources */,
				6B73C1FC2085D51C00056ABA /* ScrollBarView.swift in Sources */,
				6B9683EF20F4E94A0094D2BB /* CustomPageView.swift in Sources */,
				6BF899B320E8A872000F4EAA /* FormViewModel.swift in Sources */,
				6BBC68FF20F26170003B1CC2 /* InfoDetailFlow.swift in Sources */,
				6BEAAFFC20C131C200125DD3 /* String+Extensions.swift in Sources */,
				6BF899A620E76DF3000F4EAA /* UILabel + Custom.swift in Sources */,
				6B465DD12049084200EED286 /* SelectedFlow.swift in Sources */,
				6B5ECFCF209AF99000345100 /* ContentViewController.swift in Sources */,
				6B465DF02049680600EED286 /* Key.swift in Sources */,
				6BF899A020E75534000F4EAA /* BaseExpandView.swift in Sources */,
				6BA307EC20E08B9C006A029E /* ExchangeViewController.swift in Sources */,
				6B0EC5C120D2098A00786956 /* Dependencies.swift in Sources */,
				6B20E4ED20EBE07F00183601 /* AddressViewController.swift in Sources */,
				6BFA3300208305D800613ADE /* CartViewModel.swift in Sources */,
				6BF899AA20E7777F000F4EAA /* UIView + Shadow.swift in Sources */,
				6B7F487E208878C40067626B /* RxAlamofire+ObjectMapper.swift in Sources */,
				6BF1D1B4205D8D7000F58D86 /* Obserable+Extension.swift in Sources */,
				6B465DDA2049340200EED286 /* MainViewController.swift in Sources */,
				6BAF50CF20FF360E00D14B65 /* CheckmarkHeaderView.swift in Sources */,
				6B20E4F220EBE10B00183601 /* AllocateViewController.swift in Sources */,
				6B330FE821343F4300E714BF /* ModifyCartItemService.swift in Sources */,
				6B465DCF20485CEF00EED286 /* AppFlow.swift in Sources */,
				6BC7D7C12108A7800028BFD5 /* PaymentInfoCell.swift in Sources */,
				6B198BA020F33CAF003BF92E /* InfoDeliveryCell.swift in Sources */,
				6B07FDE320D5393C00F7D269 /* CartCell.swift in Sources */,
				6B0ABE1E20333DC100FEEE87 /* Observable+ObjectMapper.swift in Sources */,
				6BE2B83121133D8400783807 /* Cell+Reusable.swift in Sources */,
				6BD729482121EF4A00B4D4F7 /* BaseCartItemExpandableView.swift in Sources */,
				6BE0DDD9210773F10014C9B5 /* SendOrderHeaderView.swift in Sources */,
				6BEAAFE420BEF03200125DD3 /* DBManager.swift in Sources */,
				6BF899C320E9F4AE000F4EAA /* DeliveryHeaderView.swift in Sources */,
				6B24B5D820EFC9FE00985C3D /* Notification+Name.swift in Sources */,
				6B70992D20DB7665004B5F2E /* ProductCart.swift in Sources */,
				6B35A9DB203315E600D4259E /* MainViewModel.swift in Sources */,
				6BBC68FD20F203E3003B1CC2 /* InfoManager.swift in Sources */,
				6B4E424B20F8753A000FF7C5 /* ShoppingNoteViewController.swift in Sources */,
				6BC7D7BF2108A4C50028BFD5 /* UIStackView+RemoveAllArrangeView.swift in Sources */,
				6BC5F3C32091C173006F652C /* Color.swift in Sources */,
				6BD5C19121060FB4003B2B45 /* PriceView.swift in Sources */,
				6BAC5A8D20B56E3C0006E8DF /* IconPagingCell.swift in Sources */,
				6BAC5A8F20B56E5F0006E8DF /* IconViewController.swift in Sources */,
				6BCFD062210CC5FA00684F96 /* CartItemHeaderView.swift in Sources */,
				6B20E4FA20ED4D1500183601 /* AllocateCell.swift in Sources */,
				6B07FDE520D62AB900F7D269 /* CartFooterView.swift in Sources */,
				6BCFD05C210C9D4400684F96 /* PopView.swift in Sources */,
				6BF899BD20E9EA1D000F4EAA /* PaymentCell.swift in Sources */,
				6B70993120DB77EC004B5F2E /* NewCartItem.swift in Sources */,
				6B20E4EF20EBE08C00183601 /* AddressViewModel.swift in Sources */,
				6B0ABE49203FBB5500FEEE87 /* AccountViewModel.swift in Sources */,
				6B70992B20DB7640004B5F2E /* Food.swift in Sources */,
				6B3DC514204978B200840CE6 /* ExampleBasicContentView.swift in Sources */,
				6BD7294A2121EFE100B4D4F7 /* SendOrderExpandableView.swift in Sources */,
				6B9BC55820F78DCA00355D9D /* UIViewController+HideKeyboard.swift in Sources */,
				6B70992920DB7616004B5F2E /* PickedItemCart.swift in Sources */,
				6BD2F75320F9FAC900FE6BB0 /* CustomLayout.swift in Sources */,
				6B0ABE2D2033DDB100FEEE87 /* ApiManager.swift in Sources */,
			);
			runOnlyForDeploymentPostprocessing = 0;
		};
/* End PBXSourcesBuildPhase section */

/* Begin PBXVariantGroup section */
		6B35A8CB2032C82C00D4259E /* LaunchScreen.storyboard */ = {
			isa = PBXVariantGroup;
			children = (
				6B35A8CC2032C82C00D4259E /* Base */,
			);
			name = LaunchScreen.storyboard;
			sourceTree = "<group>";
		};
/* End PBXVariantGroup section */

/* Begin XCBuildConfiguration section */
		6B35A8CF2032C82C00D4259E /* Debug */ = {
			isa = XCBuildConfiguration;
			buildSettings = {
				ALWAYS_SEARCH_USER_PATHS = NO;
				CLANG_ANALYZER_NONNULL = YES;
				CLANG_ANALYZER_NUMBER_OBJECT_CONVERSION = YES_AGGRESSIVE;
				CLANG_CXX_LANGUAGE_STANDARD = "gnu++14";
				CLANG_CXX_LIBRARY = "libc++";
				CLANG_ENABLE_MODULES = YES;
				CLANG_ENABLE_OBJC_ARC = YES;
				CLANG_WARN_BLOCK_CAPTURE_AUTORELEASING = YES;
				CLANG_WARN_BOOL_CONVERSION = YES;
				CLANG_WARN_COMMA = YES;
				CLANG_WARN_CONSTANT_CONVERSION = YES;
				CLANG_WARN_DEPRECATED_OBJC_IMPLEMENTATIONS = YES;
				CLANG_WARN_DIRECT_OBJC_ISA_USAGE = YES_ERROR;
				CLANG_WARN_DOCUMENTATION_COMMENTS = YES;
				CLANG_WARN_EMPTY_BODY = YES;
				CLANG_WARN_ENUM_CONVERSION = YES;
				CLANG_WARN_INFINITE_RECURSION = YES;
				CLANG_WARN_INT_CONVERSION = YES;
				CLANG_WARN_NON_LITERAL_NULL_CONVERSION = YES;
				CLANG_WARN_OBJC_IMPLICIT_RETAIN_SELF = YES;
				CLANG_WARN_OBJC_LITERAL_CONVERSION = YES;
				CLANG_WARN_OBJC_ROOT_CLASS = YES_ERROR;
				CLANG_WARN_RANGE_LOOP_ANALYSIS = YES;
				CLANG_WARN_STRICT_PROTOTYPES = YES;
				CLANG_WARN_SUSPICIOUS_MOVE = YES;
				CLANG_WARN_UNGUARDED_AVAILABILITY = YES_AGGRESSIVE;
				CLANG_WARN_UNREACHABLE_CODE = YES;
				CLANG_WARN__DUPLICATE_METHOD_MATCH = YES;
				CODE_SIGN_IDENTITY = "iPhone Developer";
				COPY_PHASE_STRIP = NO;
				DEBUG_INFORMATION_FORMAT = dwarf;
				ENABLE_STRICT_OBJC_MSGSEND = YES;
				ENABLE_TESTABILITY = YES;
				GCC_C_LANGUAGE_STANDARD = gnu11;
				GCC_DYNAMIC_NO_PIC = NO;
				GCC_NO_COMMON_BLOCKS = YES;
				GCC_OPTIMIZATION_LEVEL = 0;
				GCC_PREPROCESSOR_DEFINITIONS = (
					"DEBUG=1",
					"$(inherited)",
				);
				GCC_WARN_64_TO_32_BIT_CONVERSION = YES;
				GCC_WARN_ABOUT_RETURN_TYPE = YES_ERROR;
				GCC_WARN_UNDECLARED_SELECTOR = YES;
				GCC_WARN_UNINITIALIZED_AUTOS = YES_AGGRESSIVE;
				GCC_WARN_UNUSED_FUNCTION = YES;
				GCC_WARN_UNUSED_VARIABLE = YES;
				IPHONEOS_DEPLOYMENT_TARGET = 12.0;
				MTL_ENABLE_DEBUG_INFO = YES;
				ONLY_ACTIVE_ARCH = YES;
				SDKROOT = iphoneos;
				SWIFT_ACTIVE_COMPILATION_CONDITIONS = DEBUG;
				SWIFT_OPTIMIZATION_LEVEL = "-Onone";
			};
			name = Debug;
		};
		6B35A8D02032C82C00D4259E /* Release */ = {
			isa = XCBuildConfiguration;
			buildSettings = {
				ALWAYS_SEARCH_USER_PATHS = NO;
				CLANG_ANALYZER_NONNULL = YES;
				CLANG_ANALYZER_NUMBER_OBJECT_CONVERSION = YES_AGGRESSIVE;
				CLANG_CXX_LANGUAGE_STANDARD = "gnu++14";
				CLANG_CXX_LIBRARY = "libc++";
				CLANG_ENABLE_MODULES = YES;
				CLANG_ENABLE_OBJC_ARC = YES;
				CLANG_WARN_BLOCK_CAPTURE_AUTORELEASING = YES;
				CLANG_WARN_BOOL_CONVERSION = YES;
				CLANG_WARN_COMMA = YES;
				CLANG_WARN_CONSTANT_CONVERSION = YES;
				CLANG_WARN_DEPRECATED_OBJC_IMPLEMENTATIONS = YES;
				CLANG_WARN_DIRECT_OBJC_ISA_USAGE = YES_ERROR;
				CLANG_WARN_DOCUMENTATION_COMMENTS = YES;
				CLANG_WARN_EMPTY_BODY = YES;
				CLANG_WARN_ENUM_CONVERSION = YES;
				CLANG_WARN_INFINITE_RECURSION = YES;
				CLANG_WARN_INT_CONVERSION = YES;
				CLANG_WARN_NON_LITERAL_NULL_CONVERSION = YES;
				CLANG_WARN_OBJC_IMPLICIT_RETAIN_SELF = YES;
				CLANG_WARN_OBJC_LITERAL_CONVERSION = YES;
				CLANG_WARN_OBJC_ROOT_CLASS = YES_ERROR;
				CLANG_WARN_RANGE_LOOP_ANALYSIS = YES;
				CLANG_WARN_STRICT_PROTOTYPES = YES;
				CLANG_WARN_SUSPICIOUS_MOVE = YES;
				CLANG_WARN_UNGUARDED_AVAILABILITY = YES_AGGRESSIVE;
				CLANG_WARN_UNREACHABLE_CODE = YES;
				CLANG_WARN__DUPLICATE_METHOD_MATCH = YES;
				CODE_SIGN_IDENTITY = "iPhone Developer";
				COPY_PHASE_STRIP = NO;
				DEBUG_INFORMATION_FORMAT = "dwarf-with-dsym";
				ENABLE_NS_ASSERTIONS = NO;
				ENABLE_STRICT_OBJC_MSGSEND = YES;
				GCC_C_LANGUAGE_STANDARD = gnu11;
				GCC_NO_COMMON_BLOCKS = YES;
				GCC_WARN_64_TO_32_BIT_CONVERSION = YES;
				GCC_WARN_ABOUT_RETURN_TYPE = YES_ERROR;
				GCC_WARN_UNDECLARED_SELECTOR = YES;
				GCC_WARN_UNINITIALIZED_AUTOS = YES_AGGRESSIVE;
				GCC_WARN_UNUSED_FUNCTION = YES;
				GCC_WARN_UNUSED_VARIABLE = YES;
				IPHONEOS_DEPLOYMENT_TARGET = 12.0;
				MTL_ENABLE_DEBUG_INFO = NO;
				SDKROOT = iphoneos;
				SWIFT_OPTIMIZATION_LEVEL = "-Owholemodule";
				VALIDATE_PRODUCT = YES;
			};
			name = Release;
		};
		6B35A8D22032C82C00D4259E /* Debug */ = {
			isa = XCBuildConfiguration;
			baseConfigurationReference = 4924433ACD23206E5F380419 /* Pods-Realm+RxSwift.debug.xcconfig */;
			buildSettings = {
				ASSETCATALOG_COMPILER_APPICON_NAME = AppIcon;
				CODE_SIGN_STYLE = Automatic;
				DEVELOPMENT_TEAM = HQG43XTZK2;
				INFOPLIST_FILE = "Realm+RxSwift/Info.plist";
				IPHONEOS_DEPLOYMENT_TARGET = 12.0;
				LD_RUNPATH_SEARCH_PATHS = "$(inherited) @executable_path/Frameworks";
				PRODUCT_BUNDLE_IDENTIFIER = "com.liao-yuhao.Realm-RxSwift";
				PRODUCT_NAME = "$(TARGET_NAME)";
				SWIFT_VERSION = 4.0;
				TARGETED_DEVICE_FAMILY = 1;
			};
			name = Debug;
		};
		6B35A8D32032C82C00D4259E /* Release */ = {
			isa = XCBuildConfiguration;
			baseConfigurationReference = 64FB243E7C0EA7221386C3D5 /* Pods-Realm+RxSwift.release.xcconfig */;
			buildSettings = {
				ASSETCATALOG_COMPILER_APPICON_NAME = AppIcon;
				CODE_SIGN_STYLE = Automatic;
				DEVELOPMENT_TEAM = HQG43XTZK2;
				INFOPLIST_FILE = "Realm+RxSwift/Info.plist";
				IPHONEOS_DEPLOYMENT_TARGET = 12.0;
				LD_RUNPATH_SEARCH_PATHS = "$(inherited) @executable_path/Frameworks";
				PRODUCT_BUNDLE_IDENTIFIER = "com.liao-yuhao.Realm-RxSwift";
				PRODUCT_NAME = "$(TARGET_NAME)";
				SWIFT_VERSION = 4.0;
				TARGETED_DEVICE_FAMILY = 1;
			};
			name = Release;
		};
/* End XCBuildConfiguration section */

/* Begin XCConfigurationList section */
		6B35A8BA2032C82C00D4259E /* Build configuration list for PBXProject "Realm+RxSwift" */ = {
			isa = XCConfigurationList;
			buildConfigurations = (
				6B35A8CF2032C82C00D4259E /* Debug */,
				6B35A8D02032C82C00D4259E /* Release */,
			);
			defaultConfigurationIsVisible = 0;
			defaultConfigurationName = Release;
		};
		6B35A8D12032C82C00D4259E /* Build configuration list for PBXNativeTarget "Realm+RxSwift" */ = {
			isa = XCConfigurationList;
			buildConfigurations = (
				6B35A8D22032C82C00D4259E /* Debug */,
				6B35A8D32032C82C00D4259E /* Release */,
			);
			defaultConfigurationIsVisible = 0;
			defaultConfigurationName = Release;
		};
/* End XCConfigurationList section */
	};
	rootObject = 6B35A8B72032C82C00D4259E /* Project object */;
}
